// !$*UTF8*$!
{
	archiveVersion = 1;
	classes = {
	};
	objectVersion = 46;
	objects = {

/* Begin PBXBuildFile section */
		F353DD9517B7FFEF00D1674C /* Common.h in Headers */ = {isa = PBXBuildFile; fileRef = F362023D17AC3FDB00153E85 /* Common.h */; settings = {ATTRIBUTES = (Public, ); }; };
		F362023117AC3FD900153E85 /* Cocoa.framework in Frameworks */ = {isa = PBXBuildFile; fileRef = F362023017AC3FD900153E85 /* Cocoa.framework */; };
		F362023B17AC3FDB00153E85 /* InfoPlist.strings in Resources */ = {isa = PBXBuildFile; fileRef = F362023917AC3FDB00153E85 /* InfoPlist.strings */; };
		F362024717AC3FDD00153E85 /* SenTestingKit.framework in Frameworks */ = {isa = PBXBuildFile; fileRef = F362024617AC3FDD00153E85 /* SenTestingKit.framework */; };
		F362024817AC3FDD00153E85 /* Cocoa.framework in Frameworks */ = {isa = PBXBuildFile; fileRef = F362023017AC3FD900153E85 /* Cocoa.framework */; };
		F362024B17AC3FDD00153E85 /* Common.framework in Frameworks */ = {isa = PBXBuildFile; fileRef = F362022D17AC3FD900153E85 /* Common.framework */; };
		F362025117AC3FDD00153E85 /* InfoPlist.strings in Resources */ = {isa = PBXBuildFile; fileRef = F362024F17AC3FDD00153E85 /* InfoPlist.strings */; };
		F36202E317AC416A00153E85 /* CommonObjc.framework in Frameworks */ = {isa = PBXBuildFile; fileRef = F36202E017AC404800153E85 /* CommonObjc.framework */; };
		F36202EC17AC435D00153E85 /* CommonC.framework in Frameworks */ = {isa = PBXBuildFile; fileRef = F362029D17AC3FFE00153E85 /* CommonC.framework */; };
		F3A97F3B19A8F82600F21E00 /* CommonGL.framework in Frameworks */ = {isa = PBXBuildFile; fileRef = F3A97F3419A8F79500F21E00 /* CommonGL.framework */; };
/* End PBXBuildFile section */

/* Begin PBXContainerItemProxy section */
		F362024917AC3FDD00153E85 /* PBXContainerItemProxy */ = {
			isa = PBXContainerItemProxy;
			containerPortal = F362022417AC3FD900153E85 /* Project object */;
			proxyType = 1;
			remoteGlobalIDString = F362022C17AC3FD900153E85;
			remoteInfo = Common;
		};
		F362029C17AC3FFE00153E85 /* PBXContainerItemProxy */ = {
			isa = PBXContainerItemProxy;
			containerPortal = F362029717AC3FFD00153E85 /* CommonC.xcodeproj */;
			proxyType = 2;
			remoteGlobalIDString = F362026717AC3FFD00153E85;
			remoteInfo = CommonC;
		};
		F362029E17AC3FFE00153E85 /* PBXContainerItemProxy */ = {
			isa = PBXContainerItemProxy;
			containerPortal = F362029717AC3FFD00153E85 /* CommonC.xcodeproj */;
			proxyType = 2;
			remoteGlobalIDString = F362027F17AC3FFD00153E85;
			remoteInfo = CommonCTests;
		};
		F36202DF17AC404800153E85 /* PBXContainerItemProxy */ = {
			isa = PBXContainerItemProxy;
			containerPortal = F36202DA17AC404800153E85 /* CommonObjc.xcodeproj */;
			proxyType = 2;
			remoteGlobalIDString = F36202AA17AC404800153E85;
			remoteInfo = CommonObjc;
		};
		F36202E117AC404800153E85 /* PBXContainerItemProxy */ = {
			isa = PBXContainerItemProxy;
			containerPortal = F36202DA17AC404800153E85 /* CommonObjc.xcodeproj */;
			proxyType = 2;
			remoteGlobalIDString = F36202C217AC404800153E85;
			remoteInfo = CommonObjcTests;
		};
		F3A97F3319A8F79500F21E00 /* PBXContainerItemProxy */ = {
			isa = PBXContainerItemProxy;
			containerPortal = F3A97F2E19A8F79400F21E00 /* CommonGL.xcodeproj */;
			proxyType = 2;
			remoteGlobalIDString = F3A97F1519A8F79400F21E00;
			remoteInfo = CommonGL;
		};
		F3A97F3519A8F79500F21E00 /* PBXContainerItemProxy */ = {
			isa = PBXContainerItemProxy;
			containerPortal = F3A97F2E19A8F79400F21E00 /* CommonGL.xcodeproj */;
			proxyType = 2;
			remoteGlobalIDString = F3A97F2019A8F79400F21E00;
			remoteInfo = CommonGLTests;
		};
		F3F9B5E517B935E100D50297 /* PBXContainerItemProxy */ = {
			isa = PBXContainerItemProxy;
			containerPortal = F36202DA17AC404800153E85 /* CommonObjc.xcodeproj */;
			proxyType = 1;
			remoteGlobalIDString = F36202A917AC404800153E85;
			remoteInfo = CommonObjc;
		};
		F3F9B5E717B935E100D50297 /* PBXContainerItemProxy */ = {
			isa = PBXContainerItemProxy;
			containerPortal = F362029717AC3FFD00153E85 /* CommonC.xcodeproj */;
			proxyType = 1;
			remoteGlobalIDString = F362026617AC3FFD00153E85;
			remoteInfo = CommonC;
		};
/* End PBXContainerItemProxy section */

/* Begin PBXCopyFilesBuildPhase section */
		F3F9B5EF17B936B000D50297 /* CopyFiles */ = {
			isa = PBXCopyFilesBuildPhase;
			buildActionMask = 2147483647;
			dstPath = "";
			dstSubfolderSpec = 10;
			files = (
			);
			runOnlyForDeploymentPostprocessing = 0;
		};
/* End PBXCopyFilesBuildPhase section */

/* Begin PBXFileReference section */
		F362022D17AC3FD900153E85 /* Common.framework */ = {isa = PBXFileReference; explicitFileType = wrapper.framework; includeInIndex = 0; path = Common.framework; sourceTree = BUILT_PRODUCTS_DIR; };
		F362023017AC3FD900153E85 /* Cocoa.framework */ = {isa = PBXFileReference; lastKnownFileType = wrapper.framework; name = Cocoa.framework; path = System/Library/Frameworks/Cocoa.framework; sourceTree = SDKROOT; };
		F362023317AC3FD900153E85 /* AppKit.framework */ = {isa = PBXFileReference; lastKnownFileType = wrapper.framework; name = AppKit.framework; path = System/Library/Frameworks/AppKit.framework; sourceTree = SDKROOT; };
		F362023417AC3FD900153E85 /* CoreData.framework */ = {isa = PBXFileReference; lastKnownFileType = wrapper.framework; name = CoreData.framework; path = System/Library/Frameworks/CoreData.framework; sourceTree = SDKROOT; };
		F362023517AC3FD900153E85 /* Foundation.framework */ = {isa = PBXFileReference; lastKnownFileType = wrapper.framework; name = Foundation.framework; path = System/Library/Frameworks/Foundation.framework; sourceTree = SDKROOT; };
		F362023817AC3FDA00153E85 /* Common-Info.plist */ = {isa = PBXFileReference; lastKnownFileType = text.plist.xml; path = "Common-Info.plist"; sourceTree = "<group>"; };
		F362023A17AC3FDB00153E85 /* en */ = {isa = PBXFileReference; lastKnownFileType = text.plist.strings; name = en; path = en.lproj/InfoPlist.strings; sourceTree = "<group>"; };
		F362023C17AC3FDB00153E85 /* Common-Prefix.pch */ = {isa = PBXFileReference; lastKnownFileType = sourcecode.c.h; path = "Common-Prefix.pch"; sourceTree = "<group>"; };
		F362023D17AC3FDB00153E85 /* Common.h */ = {isa = PBXFileReference; lastKnownFileType = sourcecode.c.h; path = Common.h; sourceTree = "<group>"; };
		F362024517AC3FDD00153E85 /* CommonTests.octest */ = {isa = PBXFileReference; explicitFileType = wrapper.cfbundle; includeInIndex = 0; path = CommonTests.octest; sourceTree = BUILT_PRODUCTS_DIR; };
		F362024617AC3FDD00153E85 /* SenTestingKit.framework */ = {isa = PBXFileReference; lastKnownFileType = wrapper.framework; name = SenTestingKit.framework; path = Library/Frameworks/SenTestingKit.framework; sourceTree = DEVELOPER_DIR; };
		F362024E17AC3FDD00153E85 /* CommonTests-Info.plist */ = {isa = PBXFileReference; lastKnownFileType = text.plist.xml; path = "CommonTests-Info.plist"; sourceTree = "<group>"; };
		F362025017AC3FDD00153E85 /* en */ = {isa = PBXFileReference; lastKnownFileType = text.plist.strings; name = en; path = en.lproj/InfoPlist.strings; sourceTree = "<group>"; };
		F362029717AC3FFD00153E85 /* CommonC.xcodeproj */ = {isa = PBXFileReference; lastKnownFileType = "wrapper.pb-project"; name = CommonC.xcodeproj; path = CommonC/CommonC.xcodeproj; sourceTree = "<group>"; };
		F36202DA17AC404800153E85 /* CommonObjc.xcodeproj */ = {isa = PBXFileReference; lastKnownFileType = "wrapper.pb-project"; name = CommonObjc.xcodeproj; path = CommonObjc/CommonObjc.xcodeproj; sourceTree = "<group>"; };
		F3A97F2E19A8F79400F21E00 /* CommonGL.xcodeproj */ = {isa = PBXFileReference; lastKnownFileType = "wrapper.pb-project"; name = CommonGL.xcodeproj; path = CommonGL/CommonGL.xcodeproj; sourceTree = "<group>"; };
/* End PBXFileReference section */

/* Begin PBXFrameworksBuildPhase section */
		F362022917AC3FD900153E85 /* Frameworks */ = {
			isa = PBXFrameworksBuildPhase;
			buildActionMask = 2147483647;
			files = (
				F3A97F3B19A8F82600F21E00 /* CommonGL.framework in Frameworks */,
				F36202EC17AC435D00153E85 /* CommonC.framework in Frameworks */,
				F36202E317AC416A00153E85 /* CommonObjc.framework in Frameworks */,
				F362023117AC3FD900153E85 /* Cocoa.framework in Frameworks */,
			);
			runOnlyForDeploymentPostprocessing = 0;
		};
		F362024117AC3FDD00153E85 /* Frameworks */ = {
			isa = PBXFrameworksBuildPhase;
			buildActionMask = 2147483647;
			files = (
				F362024717AC3FDD00153E85 /* SenTestingKit.framework in Frameworks */,
				F362024817AC3FDD00153E85 /* Cocoa.framework in Frameworks */,
				F362024B17AC3FDD00153E85 /* Common.framework in Frameworks */,
			);
			runOnlyForDeploymentPostprocessing = 0;
		};
/* End PBXFrameworksBuildPhase section */

/* Begin PBXGroup section */
		F362022317AC3FD900153E85 = {
			isa = PBXGroup;
			children = (
				F3A97F2E19A8F79400F21E00 /* CommonGL.xcodeproj */,
				F36202DA17AC404800153E85 /* CommonObjc.xcodeproj */,
				F362029717AC3FFD00153E85 /* CommonC.xcodeproj */,
				F362023617AC3FD900153E85 /* Common */,
				F362024C17AC3FDD00153E85 /* CommonTests */,
				F362022F17AC3FD900153E85 /* Frameworks */,
				F362022E17AC3FD900153E85 /* Products */,
			);
			sourceTree = "<group>";
		};
		F362022E17AC3FD900153E85 /* Products */ = {
			isa = PBXGroup;
			children = (
				F362022D17AC3FD900153E85 /* Common.framework */,
				F362024517AC3FDD00153E85 /* CommonTests.octest */,
			);
			name = Products;
			sourceTree = "<group>";
		};
		F362022F17AC3FD900153E85 /* Frameworks */ = {
			isa = PBXGroup;
			children = (
				F362023017AC3FD900153E85 /* Cocoa.framework */,
				F362024617AC3FDD00153E85 /* SenTestingKit.framework */,
				F362023217AC3FD900153E85 /* Other Frameworks */,
			);
			name = Frameworks;
			sourceTree = "<group>";
		};
		F362023217AC3FD900153E85 /* Other Frameworks */ = {
			isa = PBXGroup;
			children = (
				F362023317AC3FD900153E85 /* AppKit.framework */,
				F362023417AC3FD900153E85 /* CoreData.framework */,
				F362023517AC3FD900153E85 /* Foundation.framework */,
			);
			name = "Other Frameworks";
			sourceTree = "<group>";
		};
		F362023617AC3FD900153E85 /* Common */ = {
			isa = PBXGroup;
			children = (
				F362023D17AC3FDB00153E85 /* Common.h */,
				F362023717AC3FDA00153E85 /* Supporting Files */,
			);
			path = Common;
			sourceTree = "<group>";
		};
		F362023717AC3FDA00153E85 /* Supporting Files */ = {
			isa = PBXGroup;
			children = (
				F362023817AC3FDA00153E85 /* Common-Info.plist */,
				F362023917AC3FDB00153E85 /* InfoPlist.strings */,
				F362023C17AC3FDB00153E85 /* Common-Prefix.pch */,
			);
			name = "Supporting Files";
			sourceTree = "<group>";
		};
		F362024C17AC3FDD00153E85 /* CommonTests */ = {
			isa = PBXGroup;
			children = (
				F362024D17AC3FDD00153E85 /* Supporting Files */,
			);
			path = CommonTests;
			sourceTree = "<group>";
		};
		F362024D17AC3FDD00153E85 /* Supporting Files */ = {
			isa = PBXGroup;
			children = (
				F362024E17AC3FDD00153E85 /* CommonTests-Info.plist */,
				F362024F17AC3FDD00153E85 /* InfoPlist.strings */,
			);
			name = "Supporting Files";
			sourceTree = "<group>";
		};
		F362029817AC3FFD00153E85 /* Products */ = {
			isa = PBXGroup;
			children = (
				F362029D17AC3FFE00153E85 /* CommonC.framework */,
				F362029F17AC3FFE00153E85 /* CommonCTests.xctest */,
			);
			name = Products;
			sourceTree = "<group>";
		};
		F36202DB17AC404800153E85 /* Products */ = {
			isa = PBXGroup;
			children = (
				F36202E017AC404800153E85 /* CommonObjc.framework */,
				F36202E217AC404800153E85 /* CommonObjcTests.octest */,
			);
			name = Products;
			sourceTree = "<group>";
		};
		F3A97F2F19A8F79400F21E00 /* Products */ = {
			isa = PBXGroup;
			children = (
				F3A97F3419A8F79500F21E00 /* CommonGL.framework */,
				F3A97F3619A8F79500F21E00 /* CommonGLTests.xctest */,
			);
			name = Products;
			sourceTree = "<group>";
		};
/* End PBXGroup section */

/* Begin PBXHeadersBuildPhase section */
		F362022A17AC3FD900153E85 /* Headers */ = {
			isa = PBXHeadersBuildPhase;
			buildActionMask = 2147483647;
			files = (
				F353DD9517B7FFEF00D1674C /* Common.h in Headers */,
			);
			runOnlyForDeploymentPostprocessing = 0;
		};
/* End PBXHeadersBuildPhase section */

/* Begin PBXNativeTarget section */
		F362022C17AC3FD900153E85 /* Common */ = {
			isa = PBXNativeTarget;
			buildConfigurationList = F362025717AC3FDD00153E85 /* Build configuration list for PBXNativeTarget "Common" */;
			buildPhases = (
				F362022817AC3FD900153E85 /* Sources */,
				F362022917AC3FD900153E85 /* Frameworks */,
				F362022A17AC3FD900153E85 /* Headers */,
				F362022B17AC3FD900153E85 /* Resources */,
				F3F9B5EF17B936B000D50297 /* CopyFiles */,
			);
			buildRules = (
			);
			dependencies = (
				F3F9B5E617B935E100D50297 /* PBXTargetDependency */,
				F3F9B5E817B935E100D50297 /* PBXTargetDependency */,
			);
			name = Common;
			productName = Common;
			productReference = F362022D17AC3FD900153E85 /* Common.framework */;
			productType = "com.apple.product-type.framework";
		};
		F362024417AC3FDD00153E85 /* CommonTests */ = {
			isa = PBXNativeTarget;
			buildConfigurationList = F362025A17AC3FDD00153E85 /* Build configuration list for PBXNativeTarget "CommonTests" */;
			buildPhases = (
				F362024017AC3FDD00153E85 /* Sources */,
				F362024117AC3FDD00153E85 /* Frameworks */,
				F362024217AC3FDD00153E85 /* Resources */,
				F362024317AC3FDD00153E85 /* ShellScript */,
			);
			buildRules = (
			);
			dependencies = (
				F362024A17AC3FDD00153E85 /* PBXTargetDependency */,
			);
			name = CommonTests;
			productName = CommonTests;
			productReference = F362024517AC3FDD00153E85 /* CommonTests.octest */;
			productType = "com.apple.product-type.bundle.ocunit-test";
		};
/* End PBXNativeTarget section */

/* Begin PBXProject section */
		F362022417AC3FD900153E85 /* Project object */ = {
			isa = PBXProject;
			attributes = {
				LastUpgradeCheck = 0460;
				ORGANIZATIONNAME = "Stefan Johnson";
			};
			buildConfigurationList = F362022717AC3FD900153E85 /* Build configuration list for PBXProject "Common" */;
			compatibilityVersion = "Xcode 3.2";
			developmentRegion = English;
			hasScannedForEncodings = 0;
			knownRegions = (
				en,
			);
			mainGroup = F362022317AC3FD900153E85;
			productRefGroup = F362022E17AC3FD900153E85 /* Products */;
			projectDirPath = "";
			projectReferences = (
				{
					ProductGroup = F362029817AC3FFD00153E85 /* Products */;
					ProjectRef = F362029717AC3FFD00153E85 /* CommonC.xcodeproj */;
				},
				{
					ProductGroup = F3A97F2F19A8F79400F21E00 /* Products */;
					ProjectRef = F3A97F2E19A8F79400F21E00 /* CommonGL.xcodeproj */;
				},
				{
					ProductGroup = F36202DB17AC404800153E85 /* Products */;
					ProjectRef = F36202DA17AC404800153E85 /* CommonObjc.xcodeproj */;
				},
			);
			projectRoot = "";
			targets = (
				F362022C17AC3FD900153E85 /* Common */,
				F362024417AC3FDD00153E85 /* CommonTests */,
			);
		};
/* End PBXProject section */

/* Begin PBXReferenceProxy section */
		F362029D17AC3FFE00153E85 /* CommonC.framework */ = {
			isa = PBXReferenceProxy;
			fileType = wrapper.framework;
			path = CommonC.framework;
			remoteRef = F362029C17AC3FFE00153E85 /* PBXContainerItemProxy */;
			sourceTree = BUILT_PRODUCTS_DIR;
		};
		F362029F17AC3FFE00153E85 /* CommonCTests.xctest */ = {
			isa = PBXReferenceProxy;
			fileType = wrapper.cfbundle;
			path = CommonCTests.xctest;
			remoteRef = F362029E17AC3FFE00153E85 /* PBXContainerItemProxy */;
			sourceTree = BUILT_PRODUCTS_DIR;
		};
		F36202E017AC404800153E85 /* CommonObjc.framework */ = {
			isa = PBXReferenceProxy;
			fileType = wrapper.framework;
			path = CommonObjc.framework;
			remoteRef = F36202DF17AC404800153E85 /* PBXContainerItemProxy */;
			sourceTree = BUILT_PRODUCTS_DIR;
		};
		F36202E217AC404800153E85 /* CommonObjcTests.octest */ = {
			isa = PBXReferenceProxy;
			fileType = wrapper.cfbundle;
			path = CommonObjcTests.octest;
			remoteRef = F36202E117AC404800153E85 /* PBXContainerItemProxy */;
			sourceTree = BUILT_PRODUCTS_DIR;
		};
		F3A97F3419A8F79500F21E00 /* CommonGL.framework */ = {
			isa = PBXReferenceProxy;
			fileType = wrapper.framework;
			path = CommonGL.framework;
			remoteRef = F3A97F3319A8F79500F21E00 /* PBXContainerItemProxy */;
			sourceTree = BUILT_PRODUCTS_DIR;
		};
		F3A97F3619A8F79500F21E00 /* CommonGLTests.xctest */ = {
			isa = PBXReferenceProxy;
			fileType = wrapper.cfbundle;
			path = CommonGLTests.xctest;
			remoteRef = F3A97F3519A8F79500F21E00 /* PBXContainerItemProxy */;
			sourceTree = BUILT_PRODUCTS_DIR;
		};
/* End PBXReferenceProxy section */

/* Begin PBXResourcesBuildPhase section */
		F362022B17AC3FD900153E85 /* Resources */ = {
			isa = PBXResourcesBuildPhase;
			buildActionMask = 2147483647;
			files = (
				F362023B17AC3FDB00153E85 /* InfoPlist.strings in Resources */,
			);
			runOnlyForDeploymentPostprocessing = 0;
		};
		F362024217AC3FDD00153E85 /* Resources */ = {
			isa = PBXResourcesBuildPhase;
			buildActionMask = 2147483647;
			files = (
				F362025117AC3FDD00153E85 /* InfoPlist.strings in Resources */,
			);
			runOnlyForDeploymentPostprocessing = 0;
		};
/* End PBXResourcesBuildPhase section */

/* Begin PBXShellScriptBuildPhase section */
		F362024317AC3FDD00153E85 /* ShellScript */ = {
			isa = PBXShellScriptBuildPhase;
			buildActionMask = 2147483647;
			files = (
			);
			inputPaths = (
			);
			outputPaths = (
			);
			runOnlyForDeploymentPostprocessing = 0;
			shellPath = /bin/sh;
			shellScript = "# Run the unit tests in this test bundle.\n\"${SYSTEM_DEVELOPER_DIR}/Tools/RunUnitTests\"\n";
		};
/* End PBXShellScriptBuildPhase section */

/* Begin PBXSourcesBuildPhase section */
		F362022817AC3FD900153E85 /* Sources */ = {
			isa = PBXSourcesBuildPhase;
			buildActionMask = 2147483647;
			files = (
			);
			runOnlyForDeploymentPostprocessing = 0;
		};
		F362024017AC3FDD00153E85 /* Sources */ = {
			isa = PBXSourcesBuildPhase;
			buildActionMask = 2147483647;
			files = (
			);
			runOnlyForDeploymentPostprocessing = 0;
		};
/* End PBXSourcesBuildPhase section */

/* Begin PBXTargetDependency section */
		F362024A17AC3FDD00153E85 /* PBXTargetDependency */ = {
			isa = PBXTargetDependency;
			target = F362022C17AC3FD900153E85 /* Common */;
			targetProxy = F362024917AC3FDD00153E85 /* PBXContainerItemProxy */;
		};
		F3F9B5E617B935E100D50297 /* PBXTargetDependency */ = {
			isa = PBXTargetDependency;
			name = CommonObjc;
			targetProxy = F3F9B5E517B935E100D50297 /* PBXContainerItemProxy */;
		};
		F3F9B5E817B935E100D50297 /* PBXTargetDependency */ = {
			isa = PBXTargetDependency;
			name = CommonC;
			targetProxy = F3F9B5E717B935E100D50297 /* PBXContainerItemProxy */;
		};
/* End PBXTargetDependency section */

/* Begin PBXVariantGroup section */
		F362023917AC3FDB00153E85 /* InfoPlist.strings */ = {
			isa = PBXVariantGroup;
			children = (
				F362023A17AC3FDB00153E85 /* en */,
			);
			name = InfoPlist.strings;
			sourceTree = "<group>";
		};
		F362024F17AC3FDD00153E85 /* InfoPlist.strings */ = {
			isa = PBXVariantGroup;
			children = (
				F362025017AC3FDD00153E85 /* en */,
			);
			name = InfoPlist.strings;
			sourceTree = "<group>";
		};
/* End PBXVariantGroup section */

/* Begin XCBuildConfiguration section */
		F362025517AC3FDD00153E85 /* Debug */ = {
			isa = XCBuildConfiguration;
			buildSettings = {
				ALWAYS_SEARCH_USER_PATHS = NO;
				ARCHS = "$(ARCHS_STANDARD_64_BIT)";
				CLANG_CXX_LANGUAGE_STANDARD = "gnu++0x";
				CLANG_CXX_LIBRARY = "libc++";
				CLANG_WARN_CONSTANT_CONVERSION = YES;
				CLANG_WARN_EMPTY_BODY = YES;
				CLANG_WARN_ENUM_CONVERSION = YES;
				CLANG_WARN_INT_CONVERSION = YES;
				CLANG_WARN__DUPLICATE_METHOD_MATCH = YES;
				COPY_PHASE_STRIP = NO;
				GCC_C_LANGUAGE_STANDARD = gnu99;
				GCC_DYNAMIC_NO_PIC = NO;
				GCC_ENABLE_OBJC_EXCEPTIONS = YES;
				GCC_OPTIMIZATION_LEVEL = 0;
				GCC_PREPROCESSOR_DEFINITIONS = (
					"DEBUG=1",
					"$(inherited)",
				);
				GCC_SYMBOLS_PRIVATE_EXTERN = NO;
				GCC_WARN_64_TO_32_BIT_CONVERSION = YES;
				GCC_WARN_ABOUT_RETURN_TYPE = YES;
				GCC_WARN_UNINITIALIZED_AUTOS = YES;
				GCC_WARN_UNUSED_VARIABLE = YES;
				MACOSX_DEPLOYMENT_TARGET = 10.8;
				ONLY_ACTIVE_ARCH = YES;
				SDKROOT = macosx;
			};
			name = Debug;
		};
		F362025617AC3FDD00153E85 /* Release */ = {
			isa = XCBuildConfiguration;
			buildSettings = {
				ALWAYS_SEARCH_USER_PATHS = NO;
				ARCHS = "$(ARCHS_STANDARD_64_BIT)";
				CLANG_CXX_LANGUAGE_STANDARD = "gnu++0x";
				CLANG_CXX_LIBRARY = "libc++";
				CLANG_WARN_CONSTANT_CONVERSION = YES;
				CLANG_WARN_EMPTY_BODY = YES;
				CLANG_WARN_ENUM_CONVERSION = YES;
				CLANG_WARN_INT_CONVERSION = YES;
				CLANG_WARN__DUPLICATE_METHOD_MATCH = YES;
				COPY_PHASE_STRIP = YES;
				DEBUG_INFORMATION_FORMAT = "dwarf-with-dsym";
				GCC_C_LANGUAGE_STANDARD = gnu99;
				GCC_ENABLE_OBJC_EXCEPTIONS = YES;
				GCC_WARN_64_TO_32_BIT_CONVERSION = YES;
				GCC_WARN_ABOUT_RETURN_TYPE = YES;
				GCC_WARN_UNINITIALIZED_AUTOS = YES;
				GCC_WARN_UNUSED_VARIABLE = YES;
				MACOSX_DEPLOYMENT_TARGET = 10.8;
				SDKROOT = macosx;
			};
			name = Release;
		};
		F362025817AC3FDD00153E85 /* Debug */ = {
			isa = XCBuildConfiguration;
			buildSettings = {
				COMBINE_HIDPI_IMAGES = YES;
				DYLIB_COMPATIBILITY_VERSION = 1;
				DYLIB_CURRENT_VERSION = 1;
				FRAMEWORK_SEARCH_PATHS = "$INSTALL_PATH/$(PRODUCT_NAME).framework/Versions/A/Frameworks";
				FRAMEWORK_VERSION = A;
				GCC_PRECOMPILE_PREFIX_HEADER = YES;
				GCC_PREFIX_HEADER = "Common/Common-Prefix.pch";
				HEADER_SEARCH_PATHS = "$INSTALL_PATH/$(PRODUCT_NAME).framework/Versions/A/Frameworks/**";
				INFOPLIST_FILE = "Common/Common-Info.plist";
				LD_RUNPATH_SEARCH_PATHS = "@loader_path/Frameworks";
				PRODUCT_NAME = "$(TARGET_NAME)";
				USER_HEADER_SEARCH_PATHS = "";
				WRAPPER_EXTENSION = framework;
			};
			name = Debug;
		};
		F362025917AC3FDD00153E85 /* Release */ = {
			isa = XCBuildConfiguration;
			buildSettings = {
				COMBINE_HIDPI_IMAGES = YES;
				DYLIB_COMPATIBILITY_VERSION = 1;
				DYLIB_CURRENT_VERSION = 1;
				FRAMEWORK_SEARCH_PATHS = "$INSTALL_PATH/$(PRODUCT_NAME).framework/Versions/A/Frameworks";
				FRAMEWORK_VERSION = A;
				GCC_PRECOMPILE_PREFIX_HEADER = YES;
				GCC_PREFIX_HEADER = "Common/Common-Prefix.pch";
				HEADER_SEARCH_PATHS = "$INSTALL_PATH/$(PRODUCT_NAME).framework/Versions/A/Frameworks/**";
				INFOPLIST_FILE = "Common/Common-Info.plist";
				LD_RUNPATH_SEARCH_PATHS = "@loader_path/Frameworks";
				PRODUCT_NAME = "$(TARGET_NAME)";
				USER_HEADER_SEARCH_PATHS = "";
				WRAPPER_EXTENSION = framework;
			};
			name = Release;
		};
		F362025B17AC3FDD00153E85 /* Debug */ = {
			isa = XCBuildConfiguration;
			buildSettings = {
				COMBINE_HIDPI_IMAGES = YES;
				FRAMEWORK_SEARCH_PATHS = "\"$(DEVELOPER_LIBRARY_DIR)/Frameworks\"";
				GCC_PRECOMPILE_PREFIX_HEADER = YES;
				GCC_PREFIX_HEADER = "Common/Common-Prefix.pch";
				INFOPLIST_FILE = "CommonTests/CommonTests-Info.plist";
				PRODUCT_NAME = "$(TARGET_NAME)";
				WRAPPER_EXTENSION = octest;
			};
			name = Debug;
		};
		F362025C17AC3FDD00153E85 /* Release */ = {
			isa = XCBuildConfiguration;
			buildSettings = {
				COMBINE_HIDPI_IMAGES = YES;
				FRAMEWORK_SEARCH_PATHS = "\"$(DEVELOPER_LIBRARY_DIR)/Frameworks\"";
				GCC_PRECOMPILE_PREFIX_HEADER = YES;
				GCC_PREFIX_HEADER = "Common/Common-Prefix.pch";
				INFOPLIST_FILE = "CommonTests/CommonTests-Info.plist";
				PRODUCT_NAME = "$(TARGET_NAME)";
				WRAPPER_EXTENSION = octest;
			};
			name = Release;
		};
/* End XCBuildConfiguration section */

/* Begin XCConfigurationList section */
		F362022717AC3FD900153E85 /* Build configuration list for PBXProject "Common" */ = {
			isa = XCConfigurationList;
			buildConfigurations = (
				F362025517AC3FDD00153E85 /* Debug */,
				F362025617AC3FDD00153E85 /* Release */,
			);
			defaultConfigurationIsVisible = 0;
			defaultConfigurationName = Release;
		};
		F362025717AC3FDD00153E85 /* Build configuration list for PBXNativeTarget "Common" */ = {
			isa = XCConfigurationList;
			buildConfigurations = (
				F362025817AC3FDD00153E85 /* Debug */,
				F362025917AC3FDD00153E85 /* Release */,
			);
			defaultConfigurationIsVisible = 0;
			defaultConfigurationName = Release;
		};
		F362025A17AC3FDD00153E85 /* Build configuration list for PBXNativeTarget "CommonTests" */ = {
			isa = XCConfigurationList;
			buildConfigurations = (
				F362025B17AC3FDD00153E85 /* Debug */,
				F362025C17AC3FDD00153E85 /* Release */,
			);
			defaultConfigurationIsVisible = 0;
			defaultConfigurationName = Release;
		};
/* End XCConfigurationList section */
	};
	rootObject = F362022417AC3FD900153E85 /* Project object */;
}
