// !$*UTF8*$!
{
	archiveVersion = 1;
	classes = {
	};
	objectVersion = 46;
	objects = {

/* Begin PBXBuildFile section */
		F30529B618014BE500B17CFD /* Vector.h in Headers */ = {isa = PBXBuildFile; fileRef = F30529B518014BE500B17CFD /* Vector.h */; settings = {ATTRIBUTES = (Public, ); }; };
		F30529B818014BF200B17CFD /* Vector2D.h in Headers */ = {isa = PBXBuildFile; fileRef = F30529B718014BF200B17CFD /* Vector2D.h */; settings = {ATTRIBUTES = (Public, ); }; };
		F3064009184BAA7B00122BE9 /* SystemInfo.h in Headers */ = {isa = PBXBuildFile; fileRef = F3064008184BAA7B00122BE9 /* SystemInfo.h */; settings = {ATTRIBUTES = (Public, ); }; };
		F306400B184BAA8700122BE9 /* SystemInfo.c in Sources */ = {isa = PBXBuildFile; fileRef = F306400A184BAA8700122BE9 /* SystemInfo.c */; };
		F306400F1850FB1E00122BE9 /* CustomFormatSpecifiers.c in Sources */ = {isa = PBXBuildFile; fileRef = F306400E1850FB1D00122BE9 /* CustomFormatSpecifiers.c */; };
		F30640111850FB5300122BE9 /* CustomFormatSpecifiers.h in Headers */ = {isa = PBXBuildFile; fileRef = F30640101850FB2E00122BE9 /* CustomFormatSpecifiers.h */; settings = {ATTRIBUTES = (Public, ); }; };
		F30CCD9B18787C4200AF0FAB /* Vectorized2DTests.m in Sources */ = {isa = PBXBuildFile; fileRef = F30CCD9A18787C4200AF0FAB /* Vectorized2DTests.m */; };
		F30CCD9D1878EEC000AF0FAB /* Vectorized3DTests.m in Sources */ = {isa = PBXBuildFile; fileRef = F30CCD9C1878EEC000AF0FAB /* Vectorized3DTests.m */; };
		F3143A9B1A8A67B5004EB810 /* CollectionArrayTests.m in Sources */ = {isa = PBXBuildFile; fileRef = F3143A9A1A8A67B5004EB810 /* CollectionArrayTests.m */; };
		F3143A9F1A8A7D03004EB810 /* CollectionList.c in Sources */ = {isa = PBXBuildFile; fileRef = F3143A9E1A8A7D03004EB810 /* CollectionList.c */; };
		F3143AA11A8A8B19004EB810 /* CollectionListTests.m in Sources */ = {isa = PBXBuildFile; fileRef = F3143AA01A8A8B19004EB810 /* CollectionListTests.m */; };
		F3143AA41A8A8FE8004EB810 /* OrderedCollection.c in Sources */ = {isa = PBXBuildFile; fileRef = F3143AA31A8A8FE8004EB810 /* OrderedCollection.c */; };
		F3143AA51A8A9019004EB810 /* OrderedCollection.h in Headers */ = {isa = PBXBuildFile; fileRef = F3143AA21A8A8D1D004EB810 /* OrderedCollection.h */; settings = {ATTRIBUTES = (Public, ); }; };
		F3143AA61A8A9022004EB810 /* CollectionArray.h in Headers */ = {isa = PBXBuildFile; fileRef = F3D85E5F1A84C0AE00C4A362 /* CollectionArray.h */; settings = {ATTRIBUTES = (Public, ); }; };
		F3143AA71A8A9022004EB810 /* CollectionList.h in Headers */ = {isa = PBXBuildFile; fileRef = F3143A9D1A8A7CF6004EB810 /* CollectionList.h */; settings = {ATTRIBUTES = (Public, ); }; };
		F353DD4417AC767800D1674C /* MemoryAllocation.c in Sources */ = {isa = PBXBuildFile; fileRef = F353DD4317AC767800D1674C /* MemoryAllocation.c */; };
		F353DD4517AC767800D1674C /* MemoryAllocation.c in Sources */ = {isa = PBXBuildFile; fileRef = F353DD4317AC767800D1674C /* MemoryAllocation.c */; };
		F353DD4817AC788100D1674C /* DebugTypes.h in Headers */ = {isa = PBXBuildFile; fileRef = F353DD4717AC788100D1674C /* DebugTypes.h */; settings = {ATTRIBUTES = (Public, ); }; };
		F353DD4A17AC88BA00D1674C /* DebugTypes.c in Sources */ = {isa = PBXBuildFile; fileRef = F353DD4917AC88BA00D1674C /* DebugTypes.c */; };
		F353DD4B17AC88BA00D1674C /* DebugTypes.c in Sources */ = {isa = PBXBuildFile; fileRef = F353DD4917AC88BA00D1674C /* DebugTypes.c */; };
		F353DD4D17AC8C8800D1674C /* Logging.h in Headers */ = {isa = PBXBuildFile; fileRef = F353DD4C17AC8C8800D1674C /* Logging.h */; settings = {ATTRIBUTES = (Public, ); }; };
		F353DD4F17AC8C9000D1674C /* Logging.c in Sources */ = {isa = PBXBuildFile; fileRef = F353DD4E17AC8C9000D1674C /* Logging.c */; };
		F353DD5017AC8C9000D1674C /* Logging.c in Sources */ = {isa = PBXBuildFile; fileRef = F353DD4E17AC8C9000D1674C /* Logging.c */; };
		F353DD5617ADF3BC00D1674C /* Allocator.h in Headers */ = {isa = PBXBuildFile; fileRef = F353DD5517ADF3BC00D1674C /* Allocator.h */; settings = {ATTRIBUTES = (Public, ); }; };
		F353DD5817ADF3C600D1674C /* Allocator.c in Sources */ = {isa = PBXBuildFile; fileRef = F353DD5717ADF3C600D1674C /* Allocator.c */; };
		F353DD5917ADF3C600D1674C /* Allocator.c in Sources */ = {isa = PBXBuildFile; fileRef = F353DD5717ADF3C600D1674C /* Allocator.c */; };
		F353DD5B17AE208600D1674C /* Generics.h in Headers */ = {isa = PBXBuildFile; fileRef = F353DD5A17AE208600D1674C /* Generics.h */; settings = {ATTRIBUTES = (Public, ); }; };
		F353DD5E17AE2C6400D1674C /* AllocatorTests.m in Sources */ = {isa = PBXBuildFile; fileRef = F353DD5D17AE2C6400D1674C /* AllocatorTests.m */; };
		F353DD6117AE521800D1674C /* LoggingTests.m in Sources */ = {isa = PBXBuildFile; fileRef = F353DD6017AE521800D1674C /* LoggingTests.m */; };
		F353DD6317AE61DE00D1674C /* Extensions.h in Headers */ = {isa = PBXBuildFile; fileRef = F353DD6217AE61DE00D1674C /* Extensions.h */; settings = {ATTRIBUTES = (Public, ); }; };
		F353DD6517AE95BC00D1674C /* Hacks.h in Headers */ = {isa = PBXBuildFile; fileRef = F353DD6417AE95BB00D1674C /* Hacks.h */; settings = {ATTRIBUTES = (Public, ); }; };
		F353DD6E17B0239C00D1674C /* Types.h in Headers */ = {isa = PBXBuildFile; fileRef = F353DD6D17B0239C00D1674C /* Types.h */; settings = {ATTRIBUTES = (Public, ); }; };
		F353DD7117B02C3500D1674C /* ProcessInfo.h in Headers */ = {isa = PBXBuildFile; fileRef = F353DD7017B02C3500D1674C /* ProcessInfo.h */; settings = {ATTRIBUTES = (Public, ); }; };
		F353DD7317B02C3E00D1674C /* ProcessInfo.c in Sources */ = {isa = PBXBuildFile; fileRef = F353DD7217B02C3E00D1674C /* ProcessInfo.c */; };
		F353DD7417B02C3E00D1674C /* ProcessInfo.c in Sources */ = {isa = PBXBuildFile; fileRef = F353DD7217B02C3E00D1674C /* ProcessInfo.c */; };
		F353DD7717B0ED0000D1674C /* Logging_Private.h in Headers */ = {isa = PBXBuildFile; fileRef = F353DD7617B0ED0000D1674C /* Logging_Private.h */; };
		F353DD7917B14F8E00D1674C /* File.h in Headers */ = {isa = PBXBuildFile; fileRef = F353DD7817B14F8E00D1674C /* File.h */; settings = {ATTRIBUTES = (Public, ); }; };
		F353DD7B17B14F9800D1674C /* File.c in Sources */ = {isa = PBXBuildFile; fileRef = F353DD7A17B14F9700D1674C /* File.c */; };
		F353DD7C17B14F9800D1674C /* File.c in Sources */ = {isa = PBXBuildFile; fileRef = F353DD7A17B14F9700D1674C /* File.c */; };
		F353DD8117B53FDD00D1674C /* Assertion.h in Headers */ = {isa = PBXBuildFile; fileRef = F353DD8017B53FDD00D1674C /* Assertion.h */; settings = {ATTRIBUTES = (Public, ); }; };
		F353DD8617B57AB100D1674C /* Assertion_Private.h in Headers */ = {isa = PBXBuildFile; fileRef = F353DD8517B57AB100D1674C /* Assertion_Private.h */; };
		F353DD8A17B5870C00D1674C /* FileTests.m in Sources */ = {isa = PBXBuildFile; fileRef = F353DD8917B5870C00D1674C /* FileTests.m */; };
		F353DD8D17B5A14300D1674C /* BitTricks.h in Headers */ = {isa = PBXBuildFile; fileRef = F353DD8C17B5A14300D1674C /* BitTricks.h */; settings = {ATTRIBUTES = (Public, ); }; };
		F353DD9417B6930600D1674C /* BitTricksTests.m in Sources */ = {isa = PBXBuildFile; fileRef = F353DD9317B6930600D1674C /* BitTricksTests.m */; };
		F362026B17AC3FFD00153E85 /* Cocoa.framework in Frameworks */ = {isa = PBXBuildFile; fileRef = F362026A17AC3FFD00153E85 /* Cocoa.framework */; };
		F362027517AC3FFD00153E85 /* InfoPlist.strings in Resources */ = {isa = PBXBuildFile; fileRef = F362027317AC3FFD00153E85 /* InfoPlist.strings */; };
		F362027917AC3FFD00153E85 /* CommonC.c in Sources */ = {isa = PBXBuildFile; fileRef = F362027817AC3FFD00153E85 /* CommonC.c */; };
		F362028217AC3FFD00153E85 /* Cocoa.framework in Frameworks */ = {isa = PBXBuildFile; fileRef = F362026A17AC3FFD00153E85 /* Cocoa.framework */; };
		F362028517AC3FFD00153E85 /* CommonC.framework in Frameworks */ = {isa = PBXBuildFile; fileRef = F362026717AC3FFD00153E85 /* CommonC.framework */; };
		F362028B17AC3FFD00153E85 /* InfoPlist.strings in Resources */ = {isa = PBXBuildFile; fileRef = F362028917AC3FFD00153E85 /* InfoPlist.strings */; };
		F362028E17AC3FFD00153E85 /* MemoryAllocationTests.m in Sources */ = {isa = PBXBuildFile; fileRef = F362028D17AC3FFD00153E85 /* MemoryAllocationTests.m */; };
		F36202E917AC432500153E85 /* Common.h in Headers */ = {isa = PBXBuildFile; fileRef = F362027717AC3FFD00153E85 /* Common.h */; settings = {ATTRIBUTES = (Public, ); }; };
		F36202F017AC442700153E85 /* Platform.h in Headers */ = {isa = PBXBuildFile; fileRef = F36202EF17AC442700153E85 /* Platform.h */; settings = {ATTRIBUTES = (Public, ); }; };
		F36202F217AC510700153E85 /* MemoryAllocation.h in Headers */ = {isa = PBXBuildFile; fileRef = F36202F117AC510700153E85 /* MemoryAllocation.h */; settings = {ATTRIBUTES = (Public, ); }; };
		F37AFA9D1A76DA020037ECB2 /* Enumerator.h in Headers */ = {isa = PBXBuildFile; fileRef = F37AFA9C1A76D0F70037ECB2 /* Enumerator.h */; settings = {ATTRIBUTES = (Public, ); }; };
		F37AFA9F1A78D92A0037ECB2 /* Comparator.h in Headers */ = {isa = PBXBuildFile; fileRef = F37AFA9E1A78D1A80037ECB2 /* Comparator.h */; settings = {ATTRIBUTES = (Public, ); }; };
		F37AFAA21A78F0C50037ECB2 /* CollectionEnumerator.h in Headers */ = {isa = PBXBuildFile; fileRef = F37AFAA01A78EA940037ECB2 /* CollectionEnumerator.h */; settings = {ATTRIBUTES = (Public, ); }; };
		F37AFAA31A78F0C90037ECB2 /* CollectionInterface.h in Headers */ = {isa = PBXBuildFile; fileRef = F37AFAA11A78F0010037ECB2 /* CollectionInterface.h */; settings = {ATTRIBUTES = (Public, ); }; };
		F37AFAA51A78F21A0037ECB2 /* CollectionTypes.h in Headers */ = {isa = PBXBuildFile; fileRef = F37AFAA41A78F2100037ECB2 /* CollectionTypes.h */; settings = {ATTRIBUTES = (Public, ); }; };
		F37AFAA71A7913F20037ECB2 /* CollectionTests.m in Sources */ = {isa = PBXBuildFile; fileRef = F37AFAA61A7913F20037ECB2 /* CollectionTests.m */; };
		F3A91A50186BC4B100EF0B95 /* XCTest.framework in Frameworks */ = {isa = PBXBuildFile; fileRef = F3A91A4F186BC4B100EF0B95 /* XCTest.framework */; };
		F3A91A52186FF5FA00EF0B95 /* Vector2DTests.m in Sources */ = {isa = PBXBuildFile; fileRef = F3A91A51186FF5FA00EF0B95 /* Vector2DTests.m */; };
		F3AE99321A6D0FFF00212838 /* LinkedList.h in Headers */ = {isa = PBXBuildFile; fileRef = F3AE99301A6D0FFF00212838 /* LinkedList.h */; settings = {ATTRIBUTES = (Public, ); }; };
		F3AE99331A6D0FFF00212838 /* LinkedList.c in Sources */ = {isa = PBXBuildFile; fileRef = F3AE99311A6D0FFF00212838 /* LinkedList.c */; };
		F3AE99351A6D508200212838 /* LinkedListTests.m in Sources */ = {isa = PBXBuildFile; fileRef = F3AE99341A6D508200212838 /* LinkedListTests.m */; };
		F3AE99381A6D62C400212838 /* CallbackAllocator.h in Headers */ = {isa = PBXBuildFile; fileRef = F3AE99371A6D613600212838 /* CallbackAllocator.h */; settings = {ATTRIBUTES = (Public, ); }; };
		F3AE99771A7419D200212838 /* Array.c in Sources */ = {isa = PBXBuildFile; fileRef = F3AE99751A7419D200212838 /* Array.c */; };
		F3AE99781A7419D200212838 /* Array.h in Headers */ = {isa = PBXBuildFile; fileRef = F3AE99761A7419D200212838 /* Array.h */; settings = {ATTRIBUTES = (Public, ); }; };
		F3AE997A1A74F56C00212838 /* ArrayTests.m in Sources */ = {isa = PBXBuildFile; fileRef = F3AE99791A74F56C00212838 /* ArrayTests.m */; };
		F3AE99BC1A7511D500212838 /* Collection.c in Sources */ = {isa = PBXBuildFile; fileRef = F3AE99BA1A7511D500212838 /* Collection.c */; };
		F3AE99BD1A7511D500212838 /* Collection.h in Headers */ = {isa = PBXBuildFile; fileRef = F3AE99BB1A7511D500212838 /* Collection.h */; settings = {ATTRIBUTES = (Public, ); }; };
		F3BC6A1F1877030B00934291 /* Vector3D.h in Headers */ = {isa = PBXBuildFile; fileRef = F3BC6A1E1877030B00934291 /* Vector3D.h */; settings = {ATTRIBUTES = (Public, ); }; };
		F3BC6A241877637800934291 /* Vector3DTests.m in Sources */ = {isa = PBXBuildFile; fileRef = F3BC6A231877637800934291 /* Vector3DTests.m */; };
		F3BC6A2C18776CAE00934291 /* Vectorized2DAVXTests.m in Sources */ = {isa = PBXBuildFile; fileRef = F3BC6A2518776CAE00934291 /* Vectorized2DAVXTests.m */; };
		F3BC6A2D18776CAE00934291 /* Vectorized2DSSE2Tests.m in Sources */ = {isa = PBXBuildFile; fileRef = F3BC6A2618776CAE00934291 /* Vectorized2DSSE2Tests.m */; };
		F3BC6A2E18776CAE00934291 /* Vectorized2DSSE3Tests.m in Sources */ = {isa = PBXBuildFile; fileRef = F3BC6A2718776CAE00934291 /* Vectorized2DSSE3Tests.m */; };
		F3BC6A2F18776CAE00934291 /* Vectorized2DSSE4_1Tests.m in Sources */ = {isa = PBXBuildFile; fileRef = F3BC6A2818776CAE00934291 /* Vectorized2DSSE4_1Tests.m */; };
		F3BC6A3018776CAE00934291 /* Vectorized2DSSE4_2Tests.m in Sources */ = {isa = PBXBuildFile; fileRef = F3BC6A2918776CAE00934291 /* Vectorized2DSSE4_2Tests.m */; };
		F3BC6A3118776CAE00934291 /* Vectorized2DSSETests.m in Sources */ = {isa = PBXBuildFile; fileRef = F3BC6A2A18776CAE00934291 /* Vectorized2DSSETests.m */; };
		F3BC6A3218776CAE00934291 /* Vectorized2DSSSE3Tests.m in Sources */ = {isa = PBXBuildFile; fileRef = F3BC6A2B18776CAE00934291 /* Vectorized2DSSSE3Tests.m */; };
		F3BC6A341877A2D200934291 /* Vectorized3DSSETests.m in Sources */ = {isa = PBXBuildFile; fileRef = F3BC6A331877A2D200934291 /* Vectorized3DSSETests.m */; };
		F3BC6A361877A82700934291 /* Vectorized3DSSE2Tests.m in Sources */ = {isa = PBXBuildFile; fileRef = F3BC6A351877A82700934291 /* Vectorized3DSSE2Tests.m */; };
		F3BC6A381877A83400934291 /* Vectorized3DSSE3Tests.m in Sources */ = {isa = PBXBuildFile; fileRef = F3BC6A371877A83400934291 /* Vectorized3DSSE3Tests.m */; };
		F3BC6A3A1877A84200934291 /* Vectorized3DSSSE3Tests.m in Sources */ = {isa = PBXBuildFile; fileRef = F3BC6A391877A84200934291 /* Vectorized3DSSSE3Tests.m */; };
		F3BC6A3C1877A84F00934291 /* Vectorized3DSSE4_1Tests.m in Sources */ = {isa = PBXBuildFile; fileRef = F3BC6A3B1877A84F00934291 /* Vectorized3DSSE4_1Tests.m */; };
		F3BC6A3E1877A85700934291 /* Vectorized3DSSE4_2Tests.m in Sources */ = {isa = PBXBuildFile; fileRef = F3BC6A3D1877A85700934291 /* Vectorized3DSSE4_2Tests.m */; };
		F3BC6A401877A86300934291 /* Vectorized3DAVXTests.m in Sources */ = {isa = PBXBuildFile; fileRef = F3BC6A3F1877A86300934291 /* Vectorized3DAVXTests.m */; };
		F3D657D017D5DA8F00B54101 /* Random.h in Headers */ = {isa = PBXBuildFile; fileRef = F3D657CF17D5DA8F00B54101 /* Random.h */; settings = {ATTRIBUTES = (Public, ); }; };
		F3D657D417D5FD5200B54101 /* Maths.h in Headers */ = {isa = PBXBuildFile; fileRef = F3D657D317D5FD5200B54101 /* Maths.h */; settings = {ATTRIBUTES = (Public, ); }; };
		F3D85E611A84C0BD00C4A362 /* CollectionArray.c in Sources */ = {isa = PBXBuildFile; fileRef = F3D85E601A84C0BD00C4A362 /* CollectionArray.c */; };
		F3E3E095187A5A5E00A38E72 /* Vector2DSSETests.m in Sources */ = {isa = PBXBuildFile; fileRef = F3E3E094187A5A5E00A38E72 /* Vector2DSSETests.m */; };
		F3E3E097187A5AE300A38E72 /* Vector2DSSE2Tests.m in Sources */ = {isa = PBXBuildFile; fileRef = F3E3E096187A5AE300A38E72 /* Vector2DSSE2Tests.m */; };
		F3E3E099187A5AED00A38E72 /* Vector2DSSE3Tests.m in Sources */ = {isa = PBXBuildFile; fileRef = F3E3E098187A5AED00A38E72 /* Vector2DSSE3Tests.m */; };
		F3E3E09B187A5AF800A38E72 /* Vector2DSSSE3Tests.m in Sources */ = {isa = PBXBuildFile; fileRef = F3E3E09A187A5AF800A38E72 /* Vector2DSSSE3Tests.m */; };
		F3E3E09D187A5B0200A38E72 /* Vector2DSSE4_1Tests.m in Sources */ = {isa = PBXBuildFile; fileRef = F3E3E09C187A5B0200A38E72 /* Vector2DSSE4_1Tests.m */; };
		F3E3E09F187A5B0A00A38E72 /* Vector2DSSE4_2Tests.m in Sources */ = {isa = PBXBuildFile; fileRef = F3E3E09E187A5B0A00A38E72 /* Vector2DSSE4_2Tests.m */; };
		F3E3E0A1187A5B1400A38E72 /* Vector2DAVXTests.m in Sources */ = {isa = PBXBuildFile; fileRef = F3E3E0A0187A5B1400A38E72 /* Vector2DAVXTests.m */; };
		F3FEE9DF19424C5900C3626C /* CustomInputFilters.c in Sources */ = {isa = PBXBuildFile; fileRef = F3FEE9DE19424C5900C3626C /* CustomInputFilters.c */; };
		F3FEE9E119427B0100C3626C /* CustomInputFilters.h in Headers */ = {isa = PBXBuildFile; fileRef = F3FEE9E019424C6C00C3626C /* CustomInputFilters.h */; settings = {ATTRIBUTES = (Public, ); }; };
		F3FEE9E319428E1400C3626C /* CFAllocator.c in Sources */ = {isa = PBXBuildFile; fileRef = F3FEE9E219428E1400C3626C /* CFAllocator.c */; };
/* End PBXBuildFile section */

/* Begin PBXContainerItemProxy section */
		F362028317AC3FFD00153E85 /* PBXContainerItemProxy */ = {
			isa = PBXContainerItemProxy;
			containerPortal = F362025E17AC3FFD00153E85 /* Project object */;
			proxyType = 1;
			remoteGlobalIDString = F362026617AC3FFD00153E85;
			remoteInfo = CommonC;
		};
/* End PBXContainerItemProxy section */

/* Begin PBXFileReference section */
		F30529B518014BE500B17CFD /* Vector.h */ = {isa = PBXFileReference; fileEncoding = 4; lastKnownFileType = sourcecode.c.h; path = Vector.h; sourceTree = "<group>"; };
		F30529B718014BF200B17CFD /* Vector2D.h */ = {isa = PBXFileReference; fileEncoding = 4; lastKnownFileType = sourcecode.c.h; path = Vector2D.h; sourceTree = "<group>"; };
		F3064008184BAA7B00122BE9 /* SystemInfo.h */ = {isa = PBXFileReference; fileEncoding = 4; lastKnownFileType = sourcecode.c.h; path = SystemInfo.h; sourceTree = "<group>"; };
		F306400A184BAA8700122BE9 /* SystemInfo.c */ = {isa = PBXFileReference; fileEncoding = 4; lastKnownFileType = sourcecode.c.c; path = SystemInfo.c; sourceTree = "<group>"; };
		F306400E1850FB1D00122BE9 /* CustomFormatSpecifiers.c */ = {isa = PBXFileReference; fileEncoding = 4; lastKnownFileType = sourcecode.c.c; path = CustomFormatSpecifiers.c; sourceTree = "<group>"; };
		F30640101850FB2E00122BE9 /* CustomFormatSpecifiers.h */ = {isa = PBXFileReference; lastKnownFileType = sourcecode.c.h; path = CustomFormatSpecifiers.h; sourceTree = "<group>"; };
		F30CCD9A18787C4200AF0FAB /* Vectorized2DTests.m */ = {isa = PBXFileReference; fileEncoding = 4; lastKnownFileType = sourcecode.c.objc; path = Vectorized2DTests.m; sourceTree = "<group>"; };
		F30CCD9C1878EEC000AF0FAB /* Vectorized3DTests.m */ = {isa = PBXFileReference; fileEncoding = 4; lastKnownFileType = sourcecode.c.objc; path = Vectorized3DTests.m; sourceTree = "<group>"; };
		F3143A9A1A8A67B5004EB810 /* CollectionArrayTests.m */ = {isa = PBXFileReference; fileEncoding = 4; lastKnownFileType = sourcecode.c.objc; path = CollectionArrayTests.m; sourceTree = "<group>"; };
		F3143A9C1A8A683F004EB810 /* CollectionTests.h */ = {isa = PBXFileReference; lastKnownFileType = sourcecode.c.h; path = CollectionTests.h; sourceTree = "<group>"; };
		F3143A9D1A8A7CF6004EB810 /* CollectionList.h */ = {isa = PBXFileReference; lastKnownFileType = sourcecode.c.h; path = CollectionList.h; sourceTree = "<group>"; };
		F3143A9E1A8A7D03004EB810 /* CollectionList.c */ = {isa = PBXFileReference; fileEncoding = 4; lastKnownFileType = sourcecode.c.c; path = CollectionList.c; sourceTree = "<group>"; };
		F3143AA01A8A8B19004EB810 /* CollectionListTests.m */ = {isa = PBXFileReference; fileEncoding = 4; lastKnownFileType = sourcecode.c.objc; path = CollectionListTests.m; sourceTree = "<group>"; };
		F3143AA21A8A8D1D004EB810 /* OrderedCollection.h */ = {isa = PBXFileReference; lastKnownFileType = sourcecode.c.h; path = OrderedCollection.h; sourceTree = "<group>"; };
		F3143AA31A8A8FE8004EB810 /* OrderedCollection.c */ = {isa = PBXFileReference; fileEncoding = 4; lastKnownFileType = sourcecode.c.c; path = OrderedCollection.c; sourceTree = "<group>"; };
		F353DD4317AC767800D1674C /* MemoryAllocation.c */ = {isa = PBXFileReference; fileEncoding = 4; lastKnownFileType = sourcecode.c.c; path = MemoryAllocation.c; sourceTree = "<group>"; };
		F353DD4717AC788100D1674C /* DebugTypes.h */ = {isa = PBXFileReference; fileEncoding = 4; lastKnownFileType = sourcecode.c.h; path = DebugTypes.h; sourceTree = "<group>"; };
		F353DD4917AC88BA00D1674C /* DebugTypes.c */ = {isa = PBXFileReference; fileEncoding = 4; lastKnownFileType = sourcecode.c.c; path = DebugTypes.c; sourceTree = "<group>"; };
		F353DD4C17AC8C8800D1674C /* Logging.h */ = {isa = PBXFileReference; fileEncoding = 4; lastKnownFileType = sourcecode.c.h; path = Logging.h; sourceTree = "<group>"; };
		F353DD4E17AC8C9000D1674C /* Logging.c */ = {isa = PBXFileReference; fileEncoding = 4; lastKnownFileType = sourcecode.c.c; path = Logging.c; sourceTree = "<group>"; };
		F353DD5517ADF3BC00D1674C /* Allocator.h */ = {isa = PBXFileReference; fileEncoding = 4; lastKnownFileType = sourcecode.c.h; path = Allocator.h; sourceTree = "<group>"; };
		F353DD5717ADF3C600D1674C /* Allocator.c */ = {isa = PBXFileReference; fileEncoding = 4; lastKnownFileType = sourcecode.c.c; path = Allocator.c; sourceTree = "<group>"; };
		F353DD5A17AE208600D1674C /* Generics.h */ = {isa = PBXFileReference; fileEncoding = 4; lastKnownFileType = sourcecode.c.h; path = Generics.h; sourceTree = "<group>"; };
		F353DD5C17AE2C6400D1674C /* AllocatorTests.h */ = {isa = PBXFileReference; fileEncoding = 4; lastKnownFileType = sourcecode.c.h; path = AllocatorTests.h; sourceTree = "<group>"; };
		F353DD5D17AE2C6400D1674C /* AllocatorTests.m */ = {isa = PBXFileReference; fileEncoding = 4; lastKnownFileType = sourcecode.c.objc; path = AllocatorTests.m; sourceTree = "<group>"; };
		F353DD5F17AE521800D1674C /* LoggingTests.h */ = {isa = PBXFileReference; fileEncoding = 4; lastKnownFileType = sourcecode.c.h; path = LoggingTests.h; sourceTree = "<group>"; };
		F353DD6017AE521800D1674C /* LoggingTests.m */ = {isa = PBXFileReference; fileEncoding = 4; lastKnownFileType = sourcecode.c.objc; path = LoggingTests.m; sourceTree = "<group>"; };
		F353DD6217AE61DE00D1674C /* Extensions.h */ = {isa = PBXFileReference; fileEncoding = 4; lastKnownFileType = sourcecode.c.h; path = Extensions.h; sourceTree = "<group>"; };
		F353DD6417AE95BB00D1674C /* Hacks.h */ = {isa = PBXFileReference; fileEncoding = 4; lastKnownFileType = sourcecode.c.h; path = Hacks.h; sourceTree = "<group>"; };
		F353DD6D17B0239C00D1674C /* Types.h */ = {isa = PBXFileReference; fileEncoding = 4; lastKnownFileType = sourcecode.c.h; path = Types.h; sourceTree = "<group>"; };
		F353DD7017B02C3500D1674C /* ProcessInfo.h */ = {isa = PBXFileReference; fileEncoding = 4; lastKnownFileType = sourcecode.c.h; path = ProcessInfo.h; sourceTree = "<group>"; };
		F353DD7217B02C3E00D1674C /* ProcessInfo.c */ = {isa = PBXFileReference; fileEncoding = 4; lastKnownFileType = sourcecode.c.c; path = ProcessInfo.c; sourceTree = "<group>"; };
		F353DD7617B0ED0000D1674C /* Logging_Private.h */ = {isa = PBXFileReference; fileEncoding = 4; lastKnownFileType = sourcecode.c.h; path = Logging_Private.h; sourceTree = "<group>"; };
		F353DD7817B14F8E00D1674C /* File.h */ = {isa = PBXFileReference; fileEncoding = 4; lastKnownFileType = sourcecode.c.h; path = File.h; sourceTree = "<group>"; };
		F353DD7A17B14F9700D1674C /* File.c */ = {isa = PBXFileReference; fileEncoding = 4; lastKnownFileType = sourcecode.c.c; path = File.c; sourceTree = "<group>"; };
		F353DD8017B53FDD00D1674C /* Assertion.h */ = {isa = PBXFileReference; fileEncoding = 4; lastKnownFileType = sourcecode.c.h; path = Assertion.h; sourceTree = "<group>"; };
		F353DD8517B57AB100D1674C /* Assertion_Private.h */ = {isa = PBXFileReference; fileEncoding = 4; lastKnownFileType = sourcecode.c.h; path = Assertion_Private.h; sourceTree = "<group>"; };
		F353DD8817B5870C00D1674C /* FileTests.h */ = {isa = PBXFileReference; fileEncoding = 4; lastKnownFileType = sourcecode.c.h; path = FileTests.h; sourceTree = "<group>"; };
		F353DD8917B5870C00D1674C /* FileTests.m */ = {isa = PBXFileReference; fileEncoding = 4; lastKnownFileType = sourcecode.c.objc; path = FileTests.m; sourceTree = "<group>"; };
		F353DD8C17B5A14300D1674C /* BitTricks.h */ = {isa = PBXFileReference; fileEncoding = 4; lastKnownFileType = sourcecode.c.h; path = BitTricks.h; sourceTree = "<group>"; };
		F353DD9217B6930600D1674C /* BitTricksTests.h */ = {isa = PBXFileReference; fileEncoding = 4; lastKnownFileType = sourcecode.c.h; path = BitTricksTests.h; sourceTree = "<group>"; };
		F353DD9317B6930600D1674C /* BitTricksTests.m */ = {isa = PBXFileReference; fileEncoding = 4; lastKnownFileType = sourcecode.c.objc; path = BitTricksTests.m; sourceTree = "<group>"; };
		F362026717AC3FFD00153E85 /* CommonC.framework */ = {isa = PBXFileReference; explicitFileType = wrapper.framework; includeInIndex = 0; path = CommonC.framework; sourceTree = BUILT_PRODUCTS_DIR; };
		F362026A17AC3FFD00153E85 /* Cocoa.framework */ = {isa = PBXFileReference; lastKnownFileType = wrapper.framework; name = Cocoa.framework; path = System/Library/Frameworks/Cocoa.framework; sourceTree = SDKROOT; };
		F362026D17AC3FFD00153E85 /* AppKit.framework */ = {isa = PBXFileReference; lastKnownFileType = wrapper.framework; name = AppKit.framework; path = System/Library/Frameworks/AppKit.framework; sourceTree = SDKROOT; };
		F362026E17AC3FFD00153E85 /* CoreData.framework */ = {isa = PBXFileReference; lastKnownFileType = wrapper.framework; name = CoreData.framework; path = System/Library/Frameworks/CoreData.framework; sourceTree = SDKROOT; };
		F362026F17AC3FFD00153E85 /* Foundation.framework */ = {isa = PBXFileReference; lastKnownFileType = wrapper.framework; name = Foundation.framework; path = System/Library/Frameworks/Foundation.framework; sourceTree = SDKROOT; };
		F362027217AC3FFD00153E85 /* CommonC-Info.plist */ = {isa = PBXFileReference; lastKnownFileType = text.plist.xml; path = "CommonC-Info.plist"; sourceTree = "<group>"; };
		F362027417AC3FFD00153E85 /* en */ = {isa = PBXFileReference; lastKnownFileType = text.plist.strings; name = en; path = en.lproj/InfoPlist.strings; sourceTree = "<group>"; };
		F362027617AC3FFD00153E85 /* CommonC-Prefix.pch */ = {isa = PBXFileReference; lastKnownFileType = sourcecode.c.h; path = "CommonC-Prefix.pch"; sourceTree = "<group>"; };
		F362027717AC3FFD00153E85 /* Common.h */ = {isa = PBXFileReference; lastKnownFileType = sourcecode.c.h; path = Common.h; sourceTree = "<group>"; };
		F362027817AC3FFD00153E85 /* CommonC.c */ = {isa = PBXFileReference; lastKnownFileType = sourcecode.c.c; path = CommonC.c; sourceTree = "<group>"; };
		F362027F17AC3FFD00153E85 /* CommonCTests.xctest */ = {isa = PBXFileReference; explicitFileType = wrapper.cfbundle; includeInIndex = 0; path = CommonCTests.xctest; sourceTree = BUILT_PRODUCTS_DIR; };
		F362028817AC3FFD00153E85 /* CommonCTests-Info.plist */ = {isa = PBXFileReference; lastKnownFileType = text.plist.xml; path = "CommonCTests-Info.plist"; sourceTree = "<group>"; };
		F362028A17AC3FFD00153E85 /* en */ = {isa = PBXFileReference; lastKnownFileType = text.plist.strings; name = en; path = en.lproj/InfoPlist.strings; sourceTree = "<group>"; };
		F362028C17AC3FFD00153E85 /* MemoryAllocationTests.h */ = {isa = PBXFileReference; lastKnownFileType = sourcecode.c.h; path = MemoryAllocationTests.h; sourceTree = "<group>"; };
		F362028D17AC3FFD00153E85 /* MemoryAllocationTests.m */ = {isa = PBXFileReference; lastKnownFileType = sourcecode.c.objc; path = MemoryAllocationTests.m; sourceTree = "<group>"; };
		F36202EF17AC442700153E85 /* Platform.h */ = {isa = PBXFileReference; fileEncoding = 4; lastKnownFileType = sourcecode.c.h; path = Platform.h; sourceTree = "<group>"; };
		F36202F117AC510700153E85 /* MemoryAllocation.h */ = {isa = PBXFileReference; fileEncoding = 4; lastKnownFileType = sourcecode.c.h; path = MemoryAllocation.h; sourceTree = "<group>"; };
		F37AFA9C1A76D0F70037ECB2 /* Enumerator.h */ = {isa = PBXFileReference; lastKnownFileType = sourcecode.c.h; path = Enumerator.h; sourceTree = "<group>"; };
		F37AFA9E1A78D1A80037ECB2 /* Comparator.h */ = {isa = PBXFileReference; lastKnownFileType = sourcecode.c.h; path = Comparator.h; sourceTree = "<group>"; };
		F37AFAA01A78EA940037ECB2 /* CollectionEnumerator.h */ = {isa = PBXFileReference; lastKnownFileType = sourcecode.c.h; path = CollectionEnumerator.h; sourceTree = "<group>"; };
		F37AFAA11A78F0010037ECB2 /* CollectionInterface.h */ = {isa = PBXFileReference; lastKnownFileType = sourcecode.c.h; path = CollectionInterface.h; sourceTree = "<group>"; };
		F37AFAA41A78F2100037ECB2 /* CollectionTypes.h */ = {isa = PBXFileReference; lastKnownFileType = sourcecode.c.h; path = CollectionTypes.h; sourceTree = "<group>"; };
		F37AFAA61A7913F20037ECB2 /* CollectionTests.m */ = {isa = PBXFileReference; fileEncoding = 4; lastKnownFileType = sourcecode.c.objc; path = CollectionTests.m; sourceTree = "<group>"; };
		F3A91A4F186BC4B100EF0B95 /* XCTest.framework */ = {isa = PBXFileReference; lastKnownFileType = wrapper.framework; name = XCTest.framework; path = Library/Frameworks/XCTest.framework; sourceTree = DEVELOPER_DIR; };
		F3A91A51186FF5FA00EF0B95 /* Vector2DTests.m */ = {isa = PBXFileReference; fileEncoding = 4; lastKnownFileType = sourcecode.c.objc; path = Vector2DTests.m; sourceTree = "<group>"; };
		F3AE99301A6D0FFF00212838 /* LinkedList.h */ = {isa = PBXFileReference; fileEncoding = 4; lastKnownFileType = sourcecode.c.h; path = LinkedList.h; sourceTree = "<group>"; };
		F3AE99311A6D0FFF00212838 /* LinkedList.c */ = {isa = PBXFileReference; fileEncoding = 4; lastKnownFileType = sourcecode.c.c; path = LinkedList.c; sourceTree = "<group>"; };
		F3AE99341A6D508200212838 /* LinkedListTests.m */ = {isa = PBXFileReference; fileEncoding = 4; lastKnownFileType = sourcecode.c.objc; path = LinkedListTests.m; sourceTree = "<group>"; };
		F3AE99371A6D613600212838 /* CallbackAllocator.h */ = {isa = PBXFileReference; lastKnownFileType = sourcecode.c.h; path = CallbackAllocator.h; sourceTree = "<group>"; };
		F3AE99751A7419D200212838 /* Array.c */ = {isa = PBXFileReference; fileEncoding = 4; lastKnownFileType = sourcecode.c.c; path = Array.c; sourceTree = "<group>"; };
		F3AE99761A7419D200212838 /* Array.h */ = {isa = PBXFileReference; fileEncoding = 4; lastKnownFileType = sourcecode.c.h; path = Array.h; sourceTree = "<group>"; };
		F3AE99791A74F56C00212838 /* ArrayTests.m */ = {isa = PBXFileReference; fileEncoding = 4; lastKnownFileType = sourcecode.c.objc; path = ArrayTests.m; sourceTree = "<group>"; };
		F3AE99BA1A7511D500212838 /* Collection.c */ = {isa = PBXFileReference; fileEncoding = 4; lastKnownFileType = sourcecode.c.c; path = Collection.c; sourceTree = "<group>"; };
		F3AE99BB1A7511D500212838 /* Collection.h */ = {isa = PBXFileReference; fileEncoding = 4; lastKnownFileType = sourcecode.c.h; path = Collection.h; sourceTree = "<group>"; };
		F3BC6A1E1877030B00934291 /* Vector3D.h */ = {isa = PBXFileReference; fileEncoding = 4; lastKnownFileType = sourcecode.c.h; path = Vector3D.h; sourceTree = "<group>"; };
		F3BC6A231877637800934291 /* Vector3DTests.m */ = {isa = PBXFileReference; fileEncoding = 4; lastKnownFileType = sourcecode.c.objc; path = Vector3DTests.m; sourceTree = "<group>"; };
		F3BC6A2518776CAE00934291 /* Vectorized2DAVXTests.m */ = {isa = PBXFileReference; fileEncoding = 4; lastKnownFileType = sourcecode.c.objc; path = Vectorized2DAVXTests.m; sourceTree = "<group>"; };
		F3BC6A2618776CAE00934291 /* Vectorized2DSSE2Tests.m */ = {isa = PBXFileReference; fileEncoding = 4; lastKnownFileType = sourcecode.c.objc; path = Vectorized2DSSE2Tests.m; sourceTree = "<group>"; };
		F3BC6A2718776CAE00934291 /* Vectorized2DSSE3Tests.m */ = {isa = PBXFileReference; fileEncoding = 4; lastKnownFileType = sourcecode.c.objc; path = Vectorized2DSSE3Tests.m; sourceTree = "<group>"; };
		F3BC6A2818776CAE00934291 /* Vectorized2DSSE4_1Tests.m */ = {isa = PBXFileReference; fileEncoding = 4; lastKnownFileType = sourcecode.c.objc; path = Vectorized2DSSE4_1Tests.m; sourceTree = "<group>"; };
		F3BC6A2918776CAE00934291 /* Vectorized2DSSE4_2Tests.m */ = {isa = PBXFileReference; fileEncoding = 4; lastKnownFileType = sourcecode.c.objc; path = Vectorized2DSSE4_2Tests.m; sourceTree = "<group>"; };
		F3BC6A2A18776CAE00934291 /* Vectorized2DSSETests.m */ = {isa = PBXFileReference; fileEncoding = 4; lastKnownFileType = sourcecode.c.objc; path = Vectorized2DSSETests.m; sourceTree = "<group>"; };
		F3BC6A2B18776CAE00934291 /* Vectorized2DSSSE3Tests.m */ = {isa = PBXFileReference; fileEncoding = 4; lastKnownFileType = sourcecode.c.objc; path = Vectorized2DSSSE3Tests.m; sourceTree = "<group>"; };
		F3BC6A331877A2D200934291 /* Vectorized3DSSETests.m */ = {isa = PBXFileReference; fileEncoding = 4; lastKnownFileType = sourcecode.c.objc; path = Vectorized3DSSETests.m; sourceTree = "<group>"; };
		F3BC6A351877A82700934291 /* Vectorized3DSSE2Tests.m */ = {isa = PBXFileReference; fileEncoding = 4; lastKnownFileType = sourcecode.c.objc; path = Vectorized3DSSE2Tests.m; sourceTree = "<group>"; };
		F3BC6A371877A83400934291 /* Vectorized3DSSE3Tests.m */ = {isa = PBXFileReference; fileEncoding = 4; lastKnownFileType = sourcecode.c.objc; path = Vectorized3DSSE3Tests.m; sourceTree = "<group>"; };
		F3BC6A391877A84200934291 /* Vectorized3DSSSE3Tests.m */ = {isa = PBXFileReference; fileEncoding = 4; lastKnownFileType = sourcecode.c.objc; path = Vectorized3DSSSE3Tests.m; sourceTree = "<group>"; };
		F3BC6A3B1877A84F00934291 /* Vectorized3DSSE4_1Tests.m */ = {isa = PBXFileReference; fileEncoding = 4; lastKnownFileType = sourcecode.c.objc; path = Vectorized3DSSE4_1Tests.m; sourceTree = "<group>"; };
		F3BC6A3D1877A85700934291 /* Vectorized3DSSE4_2Tests.m */ = {isa = PBXFileReference; fileEncoding = 4; lastKnownFileType = sourcecode.c.objc; path = Vectorized3DSSE4_2Tests.m; sourceTree = "<group>"; };
		F3BC6A3F1877A86300934291 /* Vectorized3DAVXTests.m */ = {isa = PBXFileReference; fileEncoding = 4; lastKnownFileType = sourcecode.c.objc; path = Vectorized3DAVXTests.m; sourceTree = "<group>"; };
		F3D657CF17D5DA8F00B54101 /* Random.h */ = {isa = PBXFileReference; fileEncoding = 4; lastKnownFileType = sourcecode.c.h; path = Random.h; sourceTree = "<group>"; };
		F3D657D317D5FD5200B54101 /* Maths.h */ = {isa = PBXFileReference; fileEncoding = 4; lastKnownFileType = sourcecode.c.h; path = Maths.h; sourceTree = "<group>"; };
		F3D85E5F1A84C0AE00C4A362 /* CollectionArray.h */ = {isa = PBXFileReference; lastKnownFileType = sourcecode.c.h; path = CollectionArray.h; sourceTree = "<group>"; };
		F3D85E601A84C0BD00C4A362 /* CollectionArray.c */ = {isa = PBXFileReference; fileEncoding = 4; lastKnownFileType = sourcecode.c.c; path = CollectionArray.c; sourceTree = "<group>"; };
		F3E3E094187A5A5E00A38E72 /* Vector2DSSETests.m */ = {isa = PBXFileReference; fileEncoding = 4; lastKnownFileType = sourcecode.c.objc; path = Vector2DSSETests.m; sourceTree = "<group>"; };
		F3E3E096187A5AE300A38E72 /* Vector2DSSE2Tests.m */ = {isa = PBXFileReference; fileEncoding = 4; lastKnownFileType = sourcecode.c.objc; path = Vector2DSSE2Tests.m; sourceTree = "<group>"; };
		F3E3E098187A5AED00A38E72 /* Vector2DSSE3Tests.m */ = {isa = PBXFileReference; fileEncoding = 4; lastKnownFileType = sourcecode.c.objc; path = Vector2DSSE3Tests.m; sourceTree = "<group>"; };
		F3E3E09A187A5AF800A38E72 /* Vector2DSSSE3Tests.m */ = {isa = PBXFileReference; fileEncoding = 4; lastKnownFileType = sourcecode.c.objc; path = Vector2DSSSE3Tests.m; sourceTree = "<group>"; };
		F3E3E09C187A5B0200A38E72 /* Vector2DSSE4_1Tests.m */ = {isa = PBXFileReference; fileEncoding = 4; lastKnownFileType = sourcecode.c.objc; path = Vector2DSSE4_1Tests.m; sourceTree = "<group>"; };
		F3E3E09E187A5B0A00A38E72 /* Vector2DSSE4_2Tests.m */ = {isa = PBXFileReference; fileEncoding = 4; lastKnownFileType = sourcecode.c.objc; path = Vector2DSSE4_2Tests.m; sourceTree = "<group>"; };
		F3E3E0A0187A5B1400A38E72 /* Vector2DAVXTests.m */ = {isa = PBXFileReference; fileEncoding = 4; lastKnownFileType = sourcecode.c.objc; path = Vector2DAVXTests.m; sourceTree = "<group>"; };
		F3F9B60D17BA4B4100D50297 /* Foundation.framework */ = {isa = PBXFileReference; lastKnownFileType = wrapper.framework; name = Foundation.framework; path = System/Library/Frameworks/Foundation.framework; sourceTree = SDKROOT; };
		F3FEE9DE19424C5900C3626C /* CustomInputFilters.c */ = {isa = PBXFileReference; fileEncoding = 4; lastKnownFileType = sourcecode.c.c; path = CustomInputFilters.c; sourceTree = "<group>"; };
		F3FEE9E019424C6C00C3626C /* CustomInputFilters.h */ = {isa = PBXFileReference; lastKnownFileType = sourcecode.c.h; path = CustomInputFilters.h; sourceTree = "<group>"; };
		F3FEE9E219428E1400C3626C /* CFAllocator.c */ = {isa = PBXFileReference; fileEncoding = 4; lastKnownFileType = sourcecode.c.c; path = CFAllocator.c; sourceTree = "<group>"; };
/* End PBXFileReference section */

/* Begin PBXFrameworksBuildPhase section */
		F362026317AC3FFD00153E85 /* Frameworks */ = {
			isa = PBXFrameworksBuildPhase;
			buildActionMask = 2147483647;
			files = (
				F362026B17AC3FFD00153E85 /* Cocoa.framework in Frameworks */,
			);
			runOnlyForDeploymentPostprocessing = 0;
		};
		F362027B17AC3FFD00153E85 /* Frameworks */ = {
			isa = PBXFrameworksBuildPhase;
			buildActionMask = 2147483647;
			files = (
				F3A91A50186BC4B100EF0B95 /* XCTest.framework in Frameworks */,
				F362028217AC3FFD00153E85 /* Cocoa.framework in Frameworks */,
				F362028517AC3FFD00153E85 /* CommonC.framework in Frameworks */,
			);
			runOnlyForDeploymentPostprocessing = 0;
		};
/* End PBXFrameworksBuildPhase section */

/* Begin PBXGroup section */
		F30529B418014B9C00B17CFD /* Vectors */ = {
			isa = PBXGroup;
			children = (
				F30529B518014BE500B17CFD /* Vector.h */,
				F30529B718014BF200B17CFD /* Vector2D.h */,
				F3BC6A1E1877030B00934291 /* Vector3D.h */,
			);
			name = Vectors;
			sourceTree = "<group>";
		};
		F353DD4617AC787200D1674C /* Debug */ = {
			isa = PBXGroup;
			children = (
				F353DD7F17B53FB100D1674C /* Assertions */,
				F353DD5117AC8C9500D1674C /* Logging */,
				F36202ED17AC437900153E85 /* Memory */,
				F353DD4717AC788100D1674C /* DebugTypes.h */,
				F353DD4917AC88BA00D1674C /* DebugTypes.c */,
			);
			name = Debug;
			sourceTree = "<group>";
		};
		F353DD5117AC8C9500D1674C /* Logging */ = {
			isa = PBXGroup;
			children = (
				F353DD7617B0ED0000D1674C /* Logging_Private.h */,
				F353DD4C17AC8C8800D1674C /* Logging.h */,
				F353DD4E17AC8C9000D1674C /* Logging.c */,
				F30640101850FB2E00122BE9 /* CustomFormatSpecifiers.h */,
				F306400E1850FB1D00122BE9 /* CustomFormatSpecifiers.c */,
				F3FEE9E019424C6C00C3626C /* CustomInputFilters.h */,
				F3FEE9DE19424C5900C3626C /* CustomInputFilters.c */,
			);
			name = Logging;
			sourceTree = "<group>";
		};
		F353DD5217ADEE5A00D1674C /* Debug */ = {
			isa = PBXGroup;
			children = (
				F353DD5317ADEE6100D1674C /* Logging */,
			);
			name = Debug;
			sourceTree = "<group>";
		};
		F353DD5317ADEE6100D1674C /* Logging */ = {
			isa = PBXGroup;
			children = (
				F353DD5F17AE521800D1674C /* LoggingTests.h */,
				F353DD6017AE521800D1674C /* LoggingTests.m */,
			);
			name = Logging;
			sourceTree = "<group>";
		};
		F353DD5417ADEE6F00D1674C /* Memory */ = {
			isa = PBXGroup;
			children = (
				F353DD5C17AE2C6400D1674C /* AllocatorTests.h */,
				F353DD5D17AE2C6400D1674C /* AllocatorTests.m */,
				F362028C17AC3FFD00153E85 /* MemoryAllocationTests.h */,
				F362028D17AC3FFD00153E85 /* MemoryAllocationTests.m */,
			);
			name = Memory;
			sourceTree = "<group>";
		};
		F353DD6C17B0238800D1674C /* Types */ = {
			isa = PBXGroup;
			children = (
				F353DD6D17B0239C00D1674C /* Types.h */,
			);
			name = Types;
			sourceTree = "<group>";
		};
		F353DD6F17B02C1700D1674C /* System */ = {
			isa = PBXGroup;
			children = (
				F3064008184BAA7B00122BE9 /* SystemInfo.h */,
				F306400A184BAA8700122BE9 /* SystemInfo.c */,
				F353DD7817B14F8E00D1674C /* File.h */,
				F353DD7A17B14F9700D1674C /* File.c */,
				F353DD7017B02C3500D1674C /* ProcessInfo.h */,
				F353DD7217B02C3E00D1674C /* ProcessInfo.c */,
			);
			name = System;
			sourceTree = "<group>";
		};
		F353DD7F17B53FB100D1674C /* Assertions */ = {
			isa = PBXGroup;
			children = (
				F353DD8517B57AB100D1674C /* Assertion_Private.h */,
				F353DD8017B53FDD00D1674C /* Assertion.h */,
			);
			name = Assertions;
			sourceTree = "<group>";
		};
		F353DD8717B586ED00D1674C /* System */ = {
			isa = PBXGroup;
			children = (
				F353DD8817B5870C00D1674C /* FileTests.h */,
				F353DD8917B5870C00D1674C /* FileTests.m */,
			);
			name = System;
			sourceTree = "<group>";
		};
		F353DD8B17B59EC000D1674C /* Maths */ = {
			isa = PBXGroup;
			children = (
				F3D657D317D5FD5200B54101 /* Maths.h */,
				F353DD8C17B5A14300D1674C /* BitTricks.h */,
				F3D657CF17D5DA8F00B54101 /* Random.h */,
				F30529B418014B9C00B17CFD /* Vectors */,
			);
			name = Maths;
			sourceTree = "<group>";
		};
		F353DD9117B692E300D1674C /* Maths */ = {
			isa = PBXGroup;
			children = (
				F353DD9217B6930600D1674C /* BitTricksTests.h */,
				F353DD9317B6930600D1674C /* BitTricksTests.m */,
				F3A91A4A186BBAD400EF0B95 /* Vectors */,
			);
			name = Maths;
			sourceTree = "<group>";
		};
		F362025D17AC3FFD00153E85 = {
			isa = PBXGroup;
			children = (
				F362027017AC3FFD00153E85 /* CommonC */,
				F362028617AC3FFD00153E85 /* CommonCTests */,
				F362026917AC3FFD00153E85 /* Frameworks */,
				F362026817AC3FFD00153E85 /* Products */,
			);
			sourceTree = "<group>";
		};
		F362026817AC3FFD00153E85 /* Products */ = {
			isa = PBXGroup;
			children = (
				F362026717AC3FFD00153E85 /* CommonC.framework */,
				F362027F17AC3FFD00153E85 /* CommonCTests.xctest */,
			);
			name = Products;
			sourceTree = "<group>";
		};
		F362026917AC3FFD00153E85 /* Frameworks */ = {
			isa = PBXGroup;
			children = (
				F3A91A4F186BC4B100EF0B95 /* XCTest.framework */,
				F362026A17AC3FFD00153E85 /* Cocoa.framework */,
				F3F9B60D17BA4B4100D50297 /* Foundation.framework */,
				F362026C17AC3FFD00153E85 /* Other Frameworks */,
			);
			name = Frameworks;
			sourceTree = "<group>";
		};
		F362026C17AC3FFD00153E85 /* Other Frameworks */ = {
			isa = PBXGroup;
			children = (
				F362026D17AC3FFD00153E85 /* AppKit.framework */,
				F362026E17AC3FFD00153E85 /* CoreData.framework */,
				F362026F17AC3FFD00153E85 /* Foundation.framework */,
			);
			name = "Other Frameworks";
			sourceTree = "<group>";
		};
		F362027017AC3FFD00153E85 /* CommonC */ = {
			isa = PBXGroup;
			children = (
				F362027717AC3FFD00153E85 /* Common.h */,
				F362027817AC3FFD00153E85 /* CommonC.c */,
				F36202EF17AC442700153E85 /* Platform.h */,
				F353DD6217AE61DE00D1674C /* Extensions.h */,
				F353DD6417AE95BB00D1674C /* Hacks.h */,
				F353DD5A17AE208600D1674C /* Generics.h */,
				F3AE992B1A6D0F8700212838 /* Utilities */,
				F353DD8B17B59EC000D1674C /* Maths */,
				F353DD6F17B02C1700D1674C /* System */,
				F353DD6C17B0238800D1674C /* Types */,
				F353DD4617AC787200D1674C /* Debug */,
				F362027117AC3FFD00153E85 /* Supporting Files */,
			);
			path = CommonC;
			sourceTree = "<group>";
		};
		F362027117AC3FFD00153E85 /* Supporting Files */ = {
			isa = PBXGroup;
			children = (
				F362027217AC3FFD00153E85 /* CommonC-Info.plist */,
				F362027317AC3FFD00153E85 /* InfoPlist.strings */,
				F362027617AC3FFD00153E85 /* CommonC-Prefix.pch */,
			);
			name = "Supporting Files";
			sourceTree = "<group>";
		};
		F362028617AC3FFD00153E85 /* CommonCTests */ = {
			isa = PBXGroup;
			children = (
				F3AE99361A6D508500212838 /* Utilities */,
				F353DD9117B692E300D1674C /* Maths */,
				F353DD8717B586ED00D1674C /* System */,
				F353DD5217ADEE5A00D1674C /* Debug */,
				F353DD5417ADEE6F00D1674C /* Memory */,
				F362028717AC3FFD00153E85 /* Supporting Files */,
			);
			path = CommonCTests;
			sourceTree = "<group>";
		};
		F362028717AC3FFD00153E85 /* Supporting Files */ = {
			isa = PBXGroup;
			children = (
				F362028817AC3FFD00153E85 /* CommonCTests-Info.plist */,
				F362028917AC3FFD00153E85 /* InfoPlist.strings */,
			);
			name = "Supporting Files";
			sourceTree = "<group>";
		};
		F36202ED17AC437900153E85 /* Memory */ = {
			isa = PBXGroup;
			children = (
				F353DD5517ADF3BC00D1674C /* Allocator.h */,
				F353DD5717ADF3C600D1674C /* Allocator.c */,
				F3AE99371A6D613600212838 /* CallbackAllocator.h */,
				F3FEE9E219428E1400C3626C /* CFAllocator.c */,
				F36202F117AC510700153E85 /* MemoryAllocation.h */,
				F353DD4317AC767800D1674C /* MemoryAllocation.c */,
			);
			name = Memory;
			sourceTree = "<group>";
		};
		F3A91A4A186BBAD400EF0B95 /* Vectors */ = {
			isa = PBXGroup;
			children = (
				F3BC6A201877631800934291 /* Vector2D */,
				F3BC6A211877632B00934291 /* Vector3D */,
				F3BC6A221877633100934291 /* Vector4D */,
			);
			name = Vectors;
			sourceTree = "<group>";
		};
		F3AE992B1A6D0F8700212838 /* Utilities */ = {
			isa = PBXGroup;
			children = (
				F3AE99301A6D0FFF00212838 /* LinkedList.h */,
				F3AE99311A6D0FFF00212838 /* LinkedList.c */,
				F3AE99761A7419D200212838 /* Array.h */,
				F3AE99751A7419D200212838 /* Array.c */,
				F37AFA9C1A76D0F70037ECB2 /* Enumerator.h */,
				F37AFA9E1A78D1A80037ECB2 /* Comparator.h */,
				F37AFAA01A78EA940037ECB2 /* CollectionEnumerator.h */,
				F37AFAA11A78F0010037ECB2 /* CollectionInterface.h */,
				F37AFAA41A78F2100037ECB2 /* CollectionTypes.h */,
				F3AE99BB1A7511D500212838 /* Collection.h */,
				F3AE99BA1A7511D500212838 /* Collection.c */,
				F3143AA21A8A8D1D004EB810 /* OrderedCollection.h */,
				F3143AA31A8A8FE8004EB810 /* OrderedCollection.c */,
				F3D85E5D1A84C07000C4A362 /* Collections */,
			);
			name = Utilities;
			sourceTree = "<group>";
		};
		F3AE99361A6D508500212838 /* Utilities */ = {
			isa = PBXGroup;
			children = (
				F3AE99341A6D508200212838 /* LinkedListTests.m */,
				F3AE99791A74F56C00212838 /* ArrayTests.m */,
				F3143A9C1A8A683F004EB810 /* CollectionTests.h */,
				F37AFAA61A7913F20037ECB2 /* CollectionTests.m */,
				F3143A9A1A8A67B5004EB810 /* CollectionArrayTests.m */,
				F3143AA01A8A8B19004EB810 /* CollectionListTests.m */,
			);
			name = Utilities;
			sourceTree = "<group>";
		};
		F3BC6A201877631800934291 /* Vector2D */ = {
			isa = PBXGroup;
			children = (
				F3A91A51186FF5FA00EF0B95 /* Vector2DTests.m */,
				F3E3E094187A5A5E00A38E72 /* Vector2DSSETests.m */,
				F3E3E096187A5AE300A38E72 /* Vector2DSSE2Tests.m */,
				F3E3E098187A5AED00A38E72 /* Vector2DSSE3Tests.m */,
				F3E3E09A187A5AF800A38E72 /* Vector2DSSSE3Tests.m */,
				F3E3E09C187A5B0200A38E72 /* Vector2DSSE4_1Tests.m */,
				F3E3E09E187A5B0A00A38E72 /* Vector2DSSE4_2Tests.m */,
				F3E3E0A0187A5B1400A38E72 /* Vector2DAVXTests.m */,
				F30CCD9A18787C4200AF0FAB /* Vectorized2DTests.m */,
				F3BC6A2A18776CAE00934291 /* Vectorized2DSSETests.m */,
				F3BC6A2618776CAE00934291 /* Vectorized2DSSE2Tests.m */,
				F3BC6A2718776CAE00934291 /* Vectorized2DSSE3Tests.m */,
				F3BC6A2B18776CAE00934291 /* Vectorized2DSSSE3Tests.m */,
				F3BC6A2818776CAE00934291 /* Vectorized2DSSE4_1Tests.m */,
				F3BC6A2918776CAE00934291 /* Vectorized2DSSE4_2Tests.m */,
				F3BC6A2518776CAE00934291 /* Vectorized2DAVXTests.m */,
			);
			name = Vector2D;
			sourceTree = "<group>";
		};
		F3BC6A211877632B00934291 /* Vector3D */ = {
			isa = PBXGroup;
			children = (
				F3BC6A231877637800934291 /* Vector3DTests.m */,
				F30CCD9C1878EEC000AF0FAB /* Vectorized3DTests.m */,
				F3BC6A331877A2D200934291 /* Vectorized3DSSETests.m */,
				F3BC6A351877A82700934291 /* Vectorized3DSSE2Tests.m */,
				F3BC6A371877A83400934291 /* Vectorized3DSSE3Tests.m */,
				F3BC6A391877A84200934291 /* Vectorized3DSSSE3Tests.m */,
				F3BC6A3B1877A84F00934291 /* Vectorized3DSSE4_1Tests.m */,
				F3BC6A3D1877A85700934291 /* Vectorized3DSSE4_2Tests.m */,
				F3BC6A3F1877A86300934291 /* Vectorized3DAVXTests.m */,
			);
			name = Vector3D;
			sourceTree = "<group>";
		};
		F3BC6A221877633100934291 /* Vector4D */ = {
			isa = PBXGroup;
			children = (
			);
			name = Vector4D;
			sourceTree = "<group>";
		};
		F3D85E5D1A84C07000C4A362 /* Collections */ = {
			isa = PBXGroup;
			children = (
				F3D85E5F1A84C0AE00C4A362 /* CollectionArray.h */,
				F3D85E601A84C0BD00C4A362 /* CollectionArray.c */,
				F3143A9D1A8A7CF6004EB810 /* CollectionList.h */,
				F3143A9E1A8A7D03004EB810 /* CollectionList.c */,
			);
			name = Collections;
			sourceTree = "<group>";
		};
/* End PBXGroup section */

/* Begin PBXHeadersBuildPhase section */
		F362026417AC3FFD00153E85 /* Headers */ = {
			isa = PBXHeadersBuildPhase;
			buildActionMask = 2147483647;
			files = (
				F36202E917AC432500153E85 /* Common.h in Headers */,
				F353DD5B17AE208600D1674C /* Generics.h in Headers */,
				F36202F017AC442700153E85 /* Platform.h in Headers */,
				F36202F217AC510700153E85 /* MemoryAllocation.h in Headers */,
				F353DD4817AC788100D1674C /* DebugTypes.h in Headers */,
				F353DD4D17AC8C8800D1674C /* Logging.h in Headers */,
				F353DD6317AE61DE00D1674C /* Extensions.h in Headers */,
				F353DD5617ADF3BC00D1674C /* Allocator.h in Headers */,
				F353DD6E17B0239C00D1674C /* Types.h in Headers */,
				F353DD6517AE95BC00D1674C /* Hacks.h in Headers */,
				F353DD7117B02C3500D1674C /* ProcessInfo.h in Headers */,
				F353DD7917B14F8E00D1674C /* File.h in Headers */,
				F353DD8117B53FDD00D1674C /* Assertion.h in Headers */,
				F3D657D017D5DA8F00B54101 /* Random.h in Headers */,
				F3D657D417D5FD5200B54101 /* Maths.h in Headers */,
				F30529B618014BE500B17CFD /* Vector.h in Headers */,
				F30529B818014BF200B17CFD /* Vector2D.h in Headers */,
				F3BC6A1F1877030B00934291 /* Vector3D.h in Headers */,
				F3064009184BAA7B00122BE9 /* SystemInfo.h in Headers */,
				F353DD8D17B5A14300D1674C /* BitTricks.h in Headers */,
				F30640111850FB5300122BE9 /* CustomFormatSpecifiers.h in Headers */,
				F3AE99321A6D0FFF00212838 /* LinkedList.h in Headers */,
				F3AE99781A7419D200212838 /* Array.h in Headers */,
				F3FEE9E119427B0100C3626C /* CustomInputFilters.h in Headers */,
				F3AE99BD1A7511D500212838 /* Collection.h in Headers */,
				F37AFA9D1A76DA020037ECB2 /* Enumerator.h in Headers */,
				F3AE99381A6D62C400212838 /* CallbackAllocator.h in Headers */,
				F37AFAA31A78F0C90037ECB2 /* CollectionInterface.h in Headers */,
				F37AFAA21A78F0C50037ECB2 /* CollectionEnumerator.h in Headers */,
				F37AFAA51A78F21A0037ECB2 /* CollectionTypes.h in Headers */,
				F3143AA51A8A9019004EB810 /* OrderedCollection.h in Headers */,
				F3143AA61A8A9022004EB810 /* CollectionArray.h in Headers */,
				F3143AA71A8A9022004EB810 /* CollectionList.h in Headers */,
				F37AFA9F1A78D92A0037ECB2 /* Comparator.h in Headers */,
				F353DD7717B0ED0000D1674C /* Logging_Private.h in Headers */,
				F353DD8617B57AB100D1674C /* Assertion_Private.h in Headers */,
			);
			runOnlyForDeploymentPostprocessing = 0;
		};
/* End PBXHeadersBuildPhase section */

/* Begin PBXNativeTarget section */
		F362026617AC3FFD00153E85 /* CommonC */ = {
			isa = PBXNativeTarget;
			buildConfigurationList = F362029117AC3FFD00153E85 /* Build configuration list for PBXNativeTarget "CommonC" */;
			buildPhases = (
				F362026217AC3FFD00153E85 /* Sources */,
				F362026317AC3FFD00153E85 /* Frameworks */,
				F362026417AC3FFD00153E85 /* Headers */,
				F362026517AC3FFD00153E85 /* Resources */,
			);
			buildRules = (
			);
			dependencies = (
			);
			name = CommonC;
			productName = CommonC;
			productReference = F362026717AC3FFD00153E85 /* CommonC.framework */;
			productType = "com.apple.product-type.framework";
		};
		F362027E17AC3FFD00153E85 /* CommonCTests */ = {
			isa = PBXNativeTarget;
			buildConfigurationList = F362029417AC3FFD00153E85 /* Build configuration list for PBXNativeTarget "CommonCTests" */;
			buildPhases = (
				F362027A17AC3FFD00153E85 /* Sources */,
				F362027B17AC3FFD00153E85 /* Frameworks */,
				F362027C17AC3FFD00153E85 /* Resources */,
				F362027D17AC3FFD00153E85 /* ShellScript */,
			);
			buildRules = (
			);
			dependencies = (
				F362028417AC3FFD00153E85 /* PBXTargetDependency */,
			);
			name = CommonCTests;
			productName = CommonCTests;
			productReference = F362027F17AC3FFD00153E85 /* CommonCTests.xctest */;
			productType = "com.apple.product-type.bundle.unit-test";
		};
/* End PBXNativeTarget section */

/* Begin PBXProject section */
		F362025E17AC3FFD00153E85 /* Project object */ = {
			isa = PBXProject;
			attributes = {
				LastUpgradeCheck = 0500;
				ORGANIZATIONNAME = "Stefan Johnson";
			};
			buildConfigurationList = F362026117AC3FFD00153E85 /* Build configuration list for PBXProject "CommonC" */;
			compatibilityVersion = "Xcode 3.2";
			developmentRegion = English;
			hasScannedForEncodings = 0;
			knownRegions = (
				en,
			);
			mainGroup = F362025D17AC3FFD00153E85;
			productRefGroup = F362026817AC3FFD00153E85 /* Products */;
			projectDirPath = "";
			projectRoot = "";
			targets = (
				F362026617AC3FFD00153E85 /* CommonC */,
				F362027E17AC3FFD00153E85 /* CommonCTests */,
			);
		};
/* End PBXProject section */

/* Begin PBXResourcesBuildPhase section */
		F362026517AC3FFD00153E85 /* Resources */ = {
			isa = PBXResourcesBuildPhase;
			buildActionMask = 2147483647;
			files = (
				F362027517AC3FFD00153E85 /* InfoPlist.strings in Resources */,
			);
			runOnlyForDeploymentPostprocessing = 0;
		};
		F362027C17AC3FFD00153E85 /* Resources */ = {
			isa = PBXResourcesBuildPhase;
			buildActionMask = 2147483647;
			files = (
				F362028B17AC3FFD00153E85 /* InfoPlist.strings in Resources */,
			);
			runOnlyForDeploymentPostprocessing = 0;
		};
/* End PBXResourcesBuildPhase section */

/* Begin PBXShellScriptBuildPhase section */
		F362027D17AC3FFD00153E85 /* ShellScript */ = {
			isa = PBXShellScriptBuildPhase;
			buildActionMask = 2147483647;
			files = (
			);
			inputPaths = (
			);
			outputPaths = (
			);
			runOnlyForDeploymentPostprocessing = 0;
			shellPath = /bin/sh;
			shellScript = "# Run the unit tests in this test bundle.\n\"${SYSTEM_DEVELOPER_DIR}/Tools/RunUnitTests\"\n";
		};
/* End PBXShellScriptBuildPhase section */

/* Begin PBXSourcesBuildPhase section */
		F362026217AC3FFD00153E85 /* Sources */ = {
			isa = PBXSourcesBuildPhase;
			buildActionMask = 2147483647;
			files = (
				F362027917AC3FFD00153E85 /* CommonC.c in Sources */,
				F3AE99771A7419D200212838 /* Array.c in Sources */,
				F353DD4417AC767800D1674C /* MemoryAllocation.c in Sources */,
				F353DD4A17AC88BA00D1674C /* DebugTypes.c in Sources */,
				F353DD4F17AC8C9000D1674C /* Logging.c in Sources */,
				F3D85E611A84C0BD00C4A362 /* CollectionArray.c in Sources */,
				F3AE99BC1A7511D500212838 /* Collection.c in Sources */,
				F3143AA41A8A8FE8004EB810 /* OrderedCollection.c in Sources */,
				F3AE99331A6D0FFF00212838 /* LinkedList.c in Sources */,
				F3FEE9E319428E1400C3626C /* CFAllocator.c in Sources */,
				F3143A9F1A8A7D03004EB810 /* CollectionList.c in Sources */,
				F306400F1850FB1E00122BE9 /* CustomFormatSpecifiers.c in Sources */,
				F353DD5817ADF3C600D1674C /* Allocator.c in Sources */,
				F353DD7317B02C3E00D1674C /* ProcessInfo.c in Sources */,
				F3FEE9DF19424C5900C3626C /* CustomInputFilters.c in Sources */,
				F353DD7B17B14F9800D1674C /* File.c in Sources */,
				F306400B184BAA8700122BE9 /* SystemInfo.c in Sources */,
			);
			runOnlyForDeploymentPostprocessing = 0;
		};
		F362027A17AC3FFD00153E85 /* Sources */ = {
			isa = PBXSourcesBuildPhase;
			buildActionMask = 2147483647;
			files = (
				F3E3E09B187A5AF800A38E72 /* Vector2DSSSE3Tests.m in Sources */,
				F3A91A52186FF5FA00EF0B95 /* Vector2DTests.m in Sources */,
				F3BC6A401877A86300934291 /* Vectorized3DAVXTests.m in Sources */,
				F3BC6A3218776CAE00934291 /* Vectorized2DSSSE3Tests.m in Sources */,
				F362028E17AC3FFD00153E85 /* MemoryAllocationTests.m in Sources */,
				F3AE997A1A74F56C00212838 /* ArrayTests.m in Sources */,
				F3BC6A3A1877A84200934291 /* Vectorized3DSSSE3Tests.m in Sources */,
				F3BC6A3C1877A84F00934291 /* Vectorized3DSSE4_1Tests.m in Sources */,
				F3BC6A361877A82700934291 /* Vectorized3DSSE2Tests.m in Sources */,
				F3E3E099187A5AED00A38E72 /* Vector2DSSE3Tests.m in Sources */,
				F3E3E097187A5AE300A38E72 /* Vector2DSSE2Tests.m in Sources */,
				F353DD4517AC767800D1674C /* MemoryAllocation.c in Sources */,
				F3BC6A2C18776CAE00934291 /* Vectorized2DAVXTests.m in Sources */,
				F30CCD9D1878EEC000AF0FAB /* Vectorized3DTests.m in Sources */,
				F353DD4B17AC88BA00D1674C /* DebugTypes.c in Sources */,
				F3143A9B1A8A67B5004EB810 /* CollectionArrayTests.m in Sources */,
				F353DD5017AC8C9000D1674C /* Logging.c in Sources */,
				F3BC6A3018776CAE00934291 /* Vectorized2DSSE4_2Tests.m in Sources */,
				F37AFAA71A7913F20037ECB2 /* CollectionTests.m in Sources */,
				F353DD5917ADF3C600D1674C /* Allocator.c in Sources */,
				F3E3E095187A5A5E00A38E72 /* Vector2DSSETests.m in Sources */,
				F3BC6A341877A2D200934291 /* Vectorized3DSSETests.m in Sources */,
				F3BC6A2D18776CAE00934291 /* Vectorized2DSSE2Tests.m in Sources */,
				F3143AA11A8A8B19004EB810 /* CollectionListTests.m in Sources */,
				F3BC6A241877637800934291 /* Vector3DTests.m in Sources */,
				F3BC6A3E1877A85700934291 /* Vectorized3DSSE4_2Tests.m in Sources */,
				F3E3E0A1187A5B1400A38E72 /* Vector2DAVXTests.m in Sources */,
				F3BC6A2F18776CAE00934291 /* Vectorized2DSSE4_1Tests.m in Sources */,
				F353DD5E17AE2C6400D1674C /* AllocatorTests.m in Sources */,
				F3E3E09F187A5B0A00A38E72 /* Vector2DSSE4_2Tests.m in Sources */,
				F353DD6117AE521800D1674C /* LoggingTests.m in Sources */,
				F353DD7417B02C3E00D1674C /* ProcessInfo.c in Sources */,
				F3BC6A381877A83400934291 /* Vectorized3DSSE3Tests.m in Sources */,
				F3AE99351A6D508200212838 /* LinkedListTests.m in Sources */,
				F353DD7C17B14F9800D1674C /* File.c in Sources */,
				F353DD8A17B5870C00D1674C /* FileTests.m in Sources */,
				F3BC6A3118776CAE00934291 /* Vectorized2DSSETests.m in Sources */,
				F30CCD9B18787C4200AF0FAB /* Vectorized2DTests.m in Sources */,
				F3BC6A2E18776CAE00934291 /* Vectorized2DSSE3Tests.m in Sources */,
				F3E3E09D187A5B0200A38E72 /* Vector2DSSE4_1Tests.m in Sources */,
				F353DD9417B6930600D1674C /* BitTricksTests.m in Sources */,
			);
			runOnlyForDeploymentPostprocessing = 0;
		};
/* End PBXSourcesBuildPhase section */

/* Begin PBXTargetDependency section */
		F362028417AC3FFD00153E85 /* PBXTargetDependency */ = {
			isa = PBXTargetDependency;
			target = F362026617AC3FFD00153E85 /* CommonC */;
			targetProxy = F362028317AC3FFD00153E85 /* PBXContainerItemProxy */;
		};
/* End PBXTargetDependency section */

/* Begin PBXVariantGroup section */
		F362027317AC3FFD00153E85 /* InfoPlist.strings */ = {
			isa = PBXVariantGroup;
			children = (
				F362027417AC3FFD00153E85 /* en */,
			);
			name = InfoPlist.strings;
			sourceTree = "<group>";
		};
		F362028917AC3FFD00153E85 /* InfoPlist.strings */ = {
			isa = PBXVariantGroup;
			children = (
				F362028A17AC3FFD00153E85 /* en */,
			);
			name = InfoPlist.strings;
			sourceTree = "<group>";
		};
/* End PBXVariantGroup section */

/* Begin XCBuildConfiguration section */
		F362028F17AC3FFD00153E85 /* Debug */ = {
			isa = XCBuildConfiguration;
			buildSettings = {
				ALWAYS_SEARCH_USER_PATHS = NO;
				CLANG_CXX_LANGUAGE_STANDARD = "gnu++0x";
				CLANG_CXX_LIBRARY = "libc++";
				CLANG_WARN_CONSTANT_CONVERSION = YES;
				CLANG_WARN_EMPTY_BODY = YES;
				CLANG_WARN_ENUM_CONVERSION = YES;
				CLANG_WARN_INT_CONVERSION = YES;
				CLANG_WARN__DUPLICATE_METHOD_MATCH = YES;
				COPY_PHASE_STRIP = NO;
				GCC_C_LANGUAGE_STANDARD = gnu99;
				GCC_DYNAMIC_NO_PIC = NO;
				GCC_ENABLE_OBJC_EXCEPTIONS = YES;
				GCC_OPTIMIZATION_LEVEL = 0;
				GCC_PREPROCESSOR_DEFINITIONS = (
					"DEBUG=1",
					"$(inherited)",
				);
				GCC_SYMBOLS_PRIVATE_EXTERN = NO;
				GCC_WARN_64_TO_32_BIT_CONVERSION = YES;
				GCC_WARN_ABOUT_RETURN_TYPE = YES;
				GCC_WARN_UNINITIALIZED_AUTOS = YES;
				GCC_WARN_UNUSED_VARIABLE = YES;
				MACOSX_DEPLOYMENT_TARGET = 10.8;
				ONLY_ACTIVE_ARCH = YES;
				SDKROOT = macosx;
			};
			name = Debug;
		};
		F362029017AC3FFD00153E85 /* Release */ = {
			isa = XCBuildConfiguration;
			buildSettings = {
				ALWAYS_SEARCH_USER_PATHS = NO;
				CLANG_CXX_LANGUAGE_STANDARD = "gnu++0x";
				CLANG_CXX_LIBRARY = "libc++";
				CLANG_WARN_CONSTANT_CONVERSION = YES;
				CLANG_WARN_EMPTY_BODY = YES;
				CLANG_WARN_ENUM_CONVERSION = YES;
				CLANG_WARN_INT_CONVERSION = YES;
				CLANG_WARN__DUPLICATE_METHOD_MATCH = YES;
				COPY_PHASE_STRIP = YES;
				DEBUG_INFORMATION_FORMAT = "dwarf-with-dsym";
				GCC_C_LANGUAGE_STANDARD = gnu99;
				GCC_ENABLE_OBJC_EXCEPTIONS = YES;
				GCC_WARN_64_TO_32_BIT_CONVERSION = YES;
				GCC_WARN_ABOUT_RETURN_TYPE = YES;
				GCC_WARN_UNINITIALIZED_AUTOS = YES;
				GCC_WARN_UNUSED_VARIABLE = YES;
				MACOSX_DEPLOYMENT_TARGET = 10.8;
				SDKROOT = macosx;
			};
			name = Release;
		};
		F362029217AC3FFD00153E85 /* Debug */ = {
			isa = XCBuildConfiguration;
			buildSettings = {
				COMBINE_HIDPI_IMAGES = YES;
				DEFINES_MODULE = NO;
				DYLIB_COMPATIBILITY_VERSION = 1;
				DYLIB_CURRENT_VERSION = 1;
				FRAMEWORK_VERSION = A;
				GCC_PRECOMPILE_PREFIX_HEADER = YES;
				GCC_PREFIX_HEADER = "CommonC/CommonC-Prefix.pch";
				INFOPLIST_FILE = "CommonC/CommonC-Info.plist";
				INSTALL_PATH = "@rpath";
				MODULEMAP_FILE = "";
				PRODUCT_NAME = "$(TARGET_NAME)";
				WRAPPER_EXTENSION = framework;
			};
			name = Debug;
		};
		F362029317AC3FFD00153E85 /* Release */ = {
			isa = XCBuildConfiguration;
			buildSettings = {
				COMBINE_HIDPI_IMAGES = YES;
				DEFINES_MODULE = NO;
				DYLIB_COMPATIBILITY_VERSION = 1;
				DYLIB_CURRENT_VERSION = 1;
				FRAMEWORK_VERSION = A;
				GCC_PRECOMPILE_PREFIX_HEADER = YES;
				GCC_PREFIX_HEADER = "CommonC/CommonC-Prefix.pch";
				INFOPLIST_FILE = "CommonC/CommonC-Info.plist";
				INSTALL_PATH = "@rpath";
				MODULEMAP_FILE = "";
				PRODUCT_NAME = "$(TARGET_NAME)";
				WRAPPER_EXTENSION = framework;
			};
			name = Release;
		};
		F362029517AC3FFD00153E85 /* Debug */ = {
			isa = XCBuildConfiguration;
			buildSettings = {
				CLANG_X86_VECTOR_INSTRUCTIONS = avx;
				COMBINE_HIDPI_IMAGES = YES;
				FRAMEWORK_SEARCH_PATHS = (
					"\\\"$(DEVELOPER_LIBRARY_DIR)/Frameworks\\\"",
					"$(inherited)",
					"$(DEVELOPER_FRAMEWORKS_DIR)",
				);
				GCC_OPTIMIZATION_LEVEL = 0;
				GCC_PRECOMPILE_PREFIX_HEADER = YES;
				GCC_PREFIX_HEADER = "CommonC/CommonC-Prefix.pch";
				INFOPLIST_FILE = "CommonCTests/CommonCTests-Info.plist";
				PRODUCT_NAME = "$(TARGET_NAME)";
			};
			name = Debug;
		};
		F362029617AC3FFD00153E85 /* Release */ = {
			isa = XCBuildConfiguration;
			buildSettings = {
				CLANG_X86_VECTOR_INSTRUCTIONS = avx;
				COMBINE_HIDPI_IMAGES = YES;
				FRAMEWORK_SEARCH_PATHS = (
					"\\\"$(DEVELOPER_LIBRARY_DIR)/Frameworks\\\"",
					"$(inherited)",
					"$(DEVELOPER_FRAMEWORKS_DIR)",
				);
				GCC_PRECOMPILE_PREFIX_HEADER = YES;
				GCC_PREFIX_HEADER = "CommonC/CommonC-Prefix.pch";
				INFOPLIST_FILE = "CommonCTests/CommonCTests-Info.plist";
				PRODUCT_NAME = "$(TARGET_NAME)";
			};
			name = Release;
		};
/* End XCBuildConfiguration section */

/* Begin XCConfigurationList section */
		F362026117AC3FFD00153E85 /* Build configuration list for PBXProject "CommonC" */ = {
			isa = XCConfigurationList;
			buildConfigurations = (
				F362028F17AC3FFD00153E85 /* Debug */,
				F362029017AC3FFD00153E85 /* Release */,
			);
			defaultConfigurationIsVisible = 0;
			defaultConfigurationName = Release;
		};
		F362029117AC3FFD00153E85 /* Build configuration list for PBXNativeTarget "CommonC" */ = {
			isa = XCConfigurationList;
			buildConfigurations = (
				F362029217AC3FFD00153E85 /* Debug */,
				F362029317AC3FFD00153E85 /* Release */,
			);
			defaultConfigurationIsVisible = 0;
			defaultConfigurationName = Release;
		};
		F362029417AC3FFD00153E85 /* Build configuration list for PBXNativeTarget "CommonCTests" */ = {
			isa = XCConfigurationList;
			buildConfigurations = (
				F362029517AC3FFD00153E85 /* Debug */,
				F362029617AC3FFD00153E85 /* Release */,
			);
			defaultConfigurationIsVisible = 0;
			defaultConfigurationName = Release;
		};
/* End XCConfigurationList section */
	};
	rootObject = F362025E17AC3FFD00153E85 /* Project object */;
}
